<?xml version="1.0" encoding="utf-8"?>
<Project ToolsVersion="4.0" xmlns="http://schemas.microsoft.com/developer/msbuild/2003">
  <ItemGroup>
    <Filter Include="소스 파일">
      <UniqueIdentifier>{4FC737F1-C7A5-4376-A066-2A32D752A2FF}</UniqueIdentifier>
      <Extensions>cpp;c;cc;cxx;c++;cppm;ixx;def;odl;idl;hpj;bat;asm;asmx</Extensions>
    </Filter>
    <Filter Include="헤더 파일">
      <UniqueIdentifier>{93995380-89BD-4b04-88EB-625FBE52EBFB}</UniqueIdentifier>
      <Extensions>h;hh;hpp;hxx;h++;hm;inl;inc;ipp;xsd</Extensions>
    </Filter>
    <Filter Include="리소스 파일">
      <UniqueIdentifier>{67DA6AB6-F800-4c08-8B7A-83BB121AAD01}</UniqueIdentifier>
      <Extensions>rc;ico;cur;bmp;dlg;rc2;rct;bin;rgs;gif;jpg;jpeg;jpe;resx;tiff;tif;png;wav;mfcribbon-ms</Extensions>
    </Filter>
    <Filter Include="소스 파일\q24324">
      <UniqueIdentifier>{0035b660-529f-4d91-9f5a-fa2194088d15}</UniqueIdentifier>
    </Filter>
    <Filter Include="헤더 파일\q24324">
      <UniqueIdentifier>{9fc2c91a-291b-4dd7-9451-8a89dbc053f9}</UniqueIdentifier>
    </Filter>
    <Filter Include="소스 파일\q22308">
      <UniqueIdentifier>{79dd26f6-bed1-4aef-a4b1-1f1be12f83d1}</UniqueIdentifier>
    </Filter>
    <Filter Include="소스 파일\IGRUS2022">
      <UniqueIdentifier>{49ddcd60-dcc2-4b12-b2c6-c070a41baf98}</UniqueIdentifier>
    </Filter>
    <Filter Include="소스 파일\ChocolateCup2022">
      <UniqueIdentifier>{e60c1169-18fc-4a79-a5ca-dad065a54daf}</UniqueIdentifier>
    </Filter>
    <Filter Include="소스 파일\YONSEI2022">
      <UniqueIdentifier>{0f8c8bbf-c3b3-4450-a06a-d377db194050}</UniqueIdentifier>
    </Filter>
    <Filter Include="소스 파일\Goricon2022">
      <UniqueIdentifier>{52e11458-2d82-41e0-9430-30e874468d7c}</UniqueIdentifier>
    </Filter>
    <Filter Include="소스 파일\APC2022">
      <UniqueIdentifier>{08cdb07e-b3eb-47bd-ab4e-649371be7fa0}</UniqueIdentifier>
    </Filter>
    <Filter Include="소스 파일\Codeforce834">
      <UniqueIdentifier>{573f7fae-153a-46ee-990c-9c70eff73252}</UniqueIdentifier>
    </Filter>
    <Filter Include="소스 파일\HIARC2022">
      <UniqueIdentifier>{0925dac9-347d-471d-a54c-28627003605b}</UniqueIdentifier>
    </Filter>
    <Filter Include="소스 파일\PinelyRound1">
      <UniqueIdentifier>{ed3f03bb-1a77-4b79-8811-785a228c8377}</UniqueIdentifier>
    </Filter>
    <Filter Include="소스 파일\Codeforce835">
      <UniqueIdentifier>{75605eb6-c41a-4254-89ef-6f2104af72dd}</UniqueIdentifier>
    </Filter>
    <Filter Include="소스 파일\Codeforce836">
      <UniqueIdentifier>{3c48167d-8a18-4b70-a3d3-84de295a0716}</UniqueIdentifier>
    </Filter>
    <Filter Include="소스 파일\UniCODE2022">
      <UniqueIdentifier>{5ab27990-ba2d-4e7f-8044-5e63ee8ae81c}</UniqueIdentifier>
    </Filter>
    <Filter Include="소스 파일\GomGom2022">
      <UniqueIdentifier>{b993be28-a6b8-466a-b0a5-c5738bf92042}</UniqueIdentifier>
    </Filter>
    <Filter Include="소스 파일\Toyota2022">
      <UniqueIdentifier>{d470c7b8-9e34-4ad1-87d6-d5169d028269}</UniqueIdentifier>
    </Filter>
    <Filter Include="소스 파일\CodeforcesGlobal24">
      <UniqueIdentifier>{d9e0865c-93b9-4d54-8650-d0733224781d}</UniqueIdentifier>
    </Filter>
  </ItemGroup>
  <ItemGroup>
    <ClCompile Include="q1987.cpp">
      <Filter>소스 파일</Filter>
    </ClCompile>
    <ClCompile Include="q14216.cpp">
      <Filter>소스 파일</Filter>
    </ClCompile>
    <ClCompile Include="q1019.cpp">
      <Filter>소스 파일</Filter>
    </ClCompile>
    <ClCompile Include="q1026.cpp">
      <Filter>소스 파일</Filter>
    </ClCompile>
    <ClCompile Include="q3584.cpp">
      <Filter>소스 파일</Filter>
    </ClCompile>
    <ClCompile Include="q3665.cpp">
      <Filter>소스 파일</Filter>
    </ClCompile>
    <ClCompile Include="q5670.cpp">
      <Filter>소스 파일</Filter>
    </ClCompile>
    <ClCompile Include="q9527.cpp">
      <Filter>소스 파일</Filter>
    </ClCompile>
    <ClCompile Include="biggest.cpp">
      <Filter>소스 파일\q24324</Filter>
    </ClCompile>
    <ClCompile Include="Lgrader.cpp">
      <Filter>소스 파일\q24324</Filter>
    </ClCompile>
    <ClCompile Include="q2193.cpp">
      <Filter>소스 파일</Filter>
    </ClCompile>
    <ClCompile Include="q18236.cpp">
      <Filter>소스 파일</Filter>
    </ClCompile>
    <ClCompile Include="q3015.cpp">
      <Filter>소스 파일</Filter>
    </ClCompile>
    <ClCompile Include="q10026.cpp">
      <Filter>소스 파일</Filter>
    </ClCompile>
    <ClCompile Include="q16435.cpp">
      <Filter>소스 파일</Filter>
    </ClCompile>
    <ClCompile Include="q14659.cpp">
      <Filter>소스 파일</Filter>
    </ClCompile>
    <ClCompile Include="q13511.cpp">
      <Filter>소스 파일</Filter>
    </ClCompile>
    <ClCompile Include="q2343.cpp">
      <Filter>소스 파일</Filter>
    </ClCompile>
    <ClCompile Include="q4196.cpp">
      <Filter>소스 파일</Filter>
    </ClCompile>
    <ClCompile Include="q14442.cpp">
      <Filter>소스 파일</Filter>
    </ClCompile>
    <ClCompile Include="q1006.cpp">
      <Filter>소스 파일</Filter>
    </ClCompile>
    <ClCompile Include="q2206.cpp">
      <Filter>소스 파일</Filter>
    </ClCompile>
    <ClCompile Include="q1086.cpp">
      <Filter>소스 파일</Filter>
    </ClCompile>
    <ClCompile Include="q2642.cpp">
      <Filter>소스 파일</Filter>
    </ClCompile>
    <ClCompile Include="q2150.cpp">
      <Filter>소스 파일</Filter>
    </ClCompile>
    <ClCompile Include="q1005.cpp">
      <Filter>소스 파일</Filter>
    </ClCompile>
    <ClCompile Include="q1766.cpp">
      <Filter>소스 파일</Filter>
    </ClCompile>
    <ClCompile Include="q3977.cpp">
      <Filter>소스 파일</Filter>
    </ClCompile>
    <ClCompile Include="q4013.cpp">
      <Filter>소스 파일</Filter>
    </ClCompile>
    <ClCompile Include="q7662.cpp">
      <Filter>소스 파일</Filter>
    </ClCompile>
    <ClCompile Include="q11726.cpp">
      <Filter>소스 파일</Filter>
    </ClCompile>
    <ClCompile Include="q11727.cpp">
      <Filter>소스 파일</Filter>
    </ClCompile>
    <ClCompile Include="q6064.cpp">
      <Filter>소스 파일</Filter>
    </ClCompile>
    <ClCompile Include="q22308_converter.cpp">
      <Filter>소스 파일\q22308</Filter>
    </ClCompile>
    <ClCompile Include="q11280.cpp">
      <Filter>소스 파일</Filter>
    </ClCompile>
    <ClCompile Include="q11281.cpp">
      <Filter>소스 파일</Filter>
    </ClCompile>
    <ClCompile Include="q22308_path_finder.cpp">
      <Filter>소스 파일\q22308</Filter>
    </ClCompile>
    <ClCompile Include="q3648.cpp">
      <Filter>소스 파일</Filter>
    </ClCompile>
    <ClCompile Include="q14500.cpp">
      <Filter>소스 파일</Filter>
    </ClCompile>
    <ClCompile Include="q22308_path_checker.cpp">
      <Filter>소스 파일\q22308</Filter>
    </ClCompile>
    <ClCompile Include="q1007.cpp">
      <Filter>소스 파일</Filter>
    </ClCompile>
    <ClCompile Include="q1915.cpp">
      <Filter>소스 파일</Filter>
    </ClCompile>
    <ClCompile Include="q16367.cpp">
      <Filter>소스 파일</Filter>
    </ClCompile>
    <ClCompile Include="q2221.cpp">
      <Filter>소스 파일</Filter>
    </ClCompile>
    <ClCompile Include="q2247.cpp">
      <Filter>소스 파일</Filter>
    </ClCompile>
    <ClCompile Include="q2042.cpp">
      <Filter>소스 파일</Filter>
    </ClCompile>
    <ClCompile Include="IGRUS\q1.cpp">
      <Filter>소스 파일\IGRUS2022</Filter>
    </ClCompile>
    <ClCompile Include="IGRUS\q2.cpp">
      <Filter>소스 파일\IGRUS2022</Filter>
    </ClCompile>
    <ClCompile Include="IGRUS\q3.cpp">
      <Filter>소스 파일\IGRUS2022</Filter>
    </ClCompile>
    <ClCompile Include="IGRUS\q4.cpp">
      <Filter>소스 파일\IGRUS2022</Filter>
    </ClCompile>
    <ClCompile Include="IGRUS\q5.cpp">
      <Filter>소스 파일\IGRUS2022</Filter>
    </ClCompile>
    <ClCompile Include="IGRUS\q6.cpp">
      <Filter>소스 파일\IGRUS2022</Filter>
    </ClCompile>
    <ClCompile Include="IGRUS\q7.cpp">
      <Filter>소스 파일\IGRUS2022</Filter>
    </ClCompile>
    <ClCompile Include="IGRUS\q8.cpp">
      <Filter>소스 파일\IGRUS2022</Filter>
    </ClCompile>
    <ClCompile Include="IGRUS\q9.cpp">
      <Filter>소스 파일\IGRUS2022</Filter>
    </ClCompile>
    <ClCompile Include="IGRUS\q10.cpp">
      <Filter>소스 파일\IGRUS2022</Filter>
    </ClCompile>
    <ClCompile Include="IGRUS\q11.cpp">
      <Filter>소스 파일\IGRUS2022</Filter>
    </ClCompile>
    <ClCompile Include="q17219.cpp">
      <Filter>소스 파일</Filter>
    </ClCompile>
    <ClCompile Include="q5525.cpp">
      <Filter>소스 파일</Filter>
    </ClCompile>
    <ClCompile Include="q11505.cpp">
      <Filter>소스 파일</Filter>
    </ClCompile>
    <ClCompile Include="q2357.cpp">
      <Filter>소스 파일</Filter>
    </ClCompile>
    <ClCompile Include="q16236.cpp">
      <Filter>소스 파일</Filter>
    </ClCompile>
    <ClCompile Include="q1517.cpp">
      <Filter>소스 파일</Filter>
    </ClCompile>
    <ClCompile Include="q24060.cpp">
      <Filter>소스 파일</Filter>
    </ClCompile>
    <ClCompile Include="q9345.cpp">
      <Filter>소스 파일</Filter>
    </ClCompile>
    <ClCompile Include="q16975.cpp">
      <Filter>소스 파일</Filter>
    </ClCompile>
    <ClCompile Include="q12899.cpp">
      <Filter>소스 파일</Filter>
    </ClCompile>
    <ClCompile Include="q1107.cpp">
      <Filter>소스 파일</Filter>
    </ClCompile>
    <ClCompile Include="q1935.cpp">
      <Filter>소스 파일</Filter>
    </ClCompile>
    <ClCompile Include="q1043.cpp">
      <Filter>소스 파일</Filter>
    </ClCompile>
    <ClCompile Include="q1197.cpp">
      <Filter>소스 파일</Filter>
    </ClCompile>
    <ClCompile Include="q1168.cpp">
      <Filter>소스 파일</Filter>
    </ClCompile>
    <ClCompile Include="q2170.cpp">
      <Filter>소스 파일</Filter>
    </ClCompile>
    <ClCompile Include="q1918.cpp">
      <Filter>소스 파일</Filter>
    </ClCompile>
    <ClCompile Include="q9465.cpp">
      <Filter>소스 파일</Filter>
    </ClCompile>
    <ClCompile Include="q16938.cpp">
      <Filter>소스 파일</Filter>
    </ClCompile>
    <ClCompile Include="q1753.cpp">
      <Filter>소스 파일</Filter>
    </ClCompile>
    <ClCompile Include="q1916.cpp">
      <Filter>소스 파일</Filter>
    </ClCompile>
    <ClCompile Include="q2447.cpp">
      <Filter>소스 파일</Filter>
    </ClCompile>
    <ClCompile Include="q2448.cpp">
      <Filter>소스 파일</Filter>
    </ClCompile>
    <ClCompile Include="q13172.cpp">
      <Filter>소스 파일</Filter>
    </ClCompile>
    <ClCompile Include="q1629.cpp">
      <Filter>소스 파일</Filter>
    </ClCompile>
    <ClCompile Include="q10619.cpp">
      <Filter>소스 파일</Filter>
    </ClCompile>
    <ClCompile Include="q2836.cpp">
      <Filter>소스 파일</Filter>
    </ClCompile>
    <ClCompile Include="q3986.cpp">
      <Filter>소스 파일</Filter>
    </ClCompile>
    <ClCompile Include="q5419.cpp">
      <Filter>소스 파일</Filter>
    </ClCompile>
    <ClCompile Include="q1325.cpp">
      <Filter>소스 파일</Filter>
    </ClCompile>
    <ClCompile Include="q1865.cpp">
      <Filter>소스 파일</Filter>
    </ClCompile>
    <ClCompile Include="q11657.cpp">
      <Filter>소스 파일</Filter>
    </ClCompile>
    <ClCompile Include="q11003.cpp">
      <Filter>소스 파일</Filter>
    </ClCompile>
    <ClCompile Include="q17131.cpp">
      <Filter>소스 파일</Filter>
    </ClCompile>
    <ClCompile Include="q2638.cpp">
      <Filter>소스 파일</Filter>
    </ClCompile>
    <ClCompile Include="q7626.cpp">
      <Filter>소스 파일</Filter>
    </ClCompile>
    <ClCompile Include="q2096.cpp">
      <Filter>소스 파일</Filter>
    </ClCompile>
    <ClCompile Include="q12851.cpp">
      <Filter>소스 파일</Filter>
    </ClCompile>
    <ClCompile Include="q14891.cpp">
      <Filter>소스 파일</Filter>
    </ClCompile>
    <ClCompile Include="q1238.cpp">
      <Filter>소스 파일</Filter>
    </ClCompile>
    <ClCompile Include="q11012.cpp">
      <Filter>소스 파일</Filter>
    </ClCompile>
    <ClCompile Include="q1389.cpp">
      <Filter>소스 파일</Filter>
    </ClCompile>
    <ClCompile Include="q14938.cpp">
      <Filter>소스 파일</Filter>
    </ClCompile>
    <ClCompile Include="q15663.cpp">
      <Filter>소스 파일</Filter>
    </ClCompile>
    <ClCompile Include="q15657.cpp">
      <Filter>소스 파일</Filter>
    </ClCompile>
    <ClCompile Include="q17070.cpp">
      <Filter>소스 파일</Filter>
    </ClCompile>
    <ClCompile Include="q1509.cpp">
      <Filter>소스 파일</Filter>
    </ClCompile>
    <ClCompile Include="q17144.cpp">
      <Filter>소스 파일</Filter>
    </ClCompile>
    <ClCompile Include="q2169.cpp">
      <Filter>소스 파일</Filter>
    </ClCompile>
    <ClCompile Include="q15686.cpp">
      <Filter>소스 파일</Filter>
    </ClCompile>
    <ClCompile Include="q20303.cpp">
      <Filter>소스 파일</Filter>
    </ClCompile>
    <ClCompile Include="q4386.cpp">
      <Filter>소스 파일</Filter>
    </ClCompile>
    <ClCompile Include="q12865.c">
      <Filter>소스 파일</Filter>
    </ClCompile>
    <ClCompile Include="q10610.cpp">
      <Filter>소스 파일</Filter>
    </ClCompile>
    <ClCompile Include="q13392.cpp">
      <Filter>소스 파일</Filter>
    </ClCompile>
    <ClCompile Include="q2494.cpp">
      <Filter>소스 파일</Filter>
    </ClCompile>
    <ClCompile Include="q13976.cpp">
      <Filter>소스 파일</Filter>
    </ClCompile>
    <ClCompile Include="ChocolateCup2022\q1.cpp">
      <Filter>소스 파일\ChocolateCup2022</Filter>
    </ClCompile>
    <ClCompile Include="ChocolateCup2022\q3.cpp">
      <Filter>소스 파일\ChocolateCup2022</Filter>
    </ClCompile>
    <ClCompile Include="ChocolateCup2022\q4.cpp">
      <Filter>소스 파일\ChocolateCup2022</Filter>
    </ClCompile>
    <ClCompile Include="q1648.cpp">
      <Filter>소스 파일</Filter>
    </ClCompile>
    <ClCompile Include="q1657.cpp">
      <Filter>소스 파일</Filter>
    </ClCompile>
    <ClCompile Include="q10350.cpp">
      <Filter>소스 파일</Filter>
    </ClCompile>
    <ClCompile Include="q14517.cpp">
      <Filter>소스 파일</Filter>
    </ClCompile>
    <ClCompile Include="q1562.cpp">
      <Filter>소스 파일</Filter>
    </ClCompile>
    <ClCompile Include="q1208.cpp">
      <Filter>소스 파일</Filter>
    </ClCompile>
    <ClCompile Include="q1182.cpp">
      <Filter>소스 파일</Filter>
    </ClCompile>
    <ClCompile Include="q5977.cpp">
      <Filter>소스 파일</Filter>
    </ClCompile>
    <ClCompile Include="q15678.cpp">
      <Filter>소스 파일</Filter>
    </ClCompile>
    <ClCompile Include="q1041.cpp">
      <Filter>소스 파일</Filter>
    </ClCompile>
    <ClCompile Include="q1202.cpp">
      <Filter>소스 파일</Filter>
    </ClCompile>
    <ClCompile Include="q1647.cpp">
      <Filter>소스 파일</Filter>
    </ClCompile>
    <ClCompile Include="q1708.cpp">
      <Filter>소스 파일</Filter>
    </ClCompile>
    <ClCompile Include="q10254.cpp">
      <Filter>소스 파일</Filter>
    </ClCompile>
    <ClCompile Include="q7420.cpp">
      <Filter>소스 파일</Filter>
    </ClCompile>
    <ClCompile Include="q2568.cpp">
      <Filter>소스 파일</Filter>
    </ClCompile>
    <ClCompile Include="q14003.cpp">
      <Filter>소스 파일</Filter>
    </ClCompile>
    <ClCompile Include="q15666.cpp">
      <Filter>소스 파일</Filter>
    </ClCompile>
    <ClCompile Include="q3878.cpp">
      <Filter>소스 파일</Filter>
    </ClCompile>
    <ClCompile Include="q3679.cpp">
      <Filter>소스 파일</Filter>
    </ClCompile>
    <ClCompile Include="q10999.cpp">
      <Filter>소스 파일</Filter>
    </ClCompile>
    <ClCompile Include="q11375.cpp">
      <Filter>소스 파일</Filter>
    </ClCompile>
    <ClCompile Include="q18185.cpp">
      <Filter>소스 파일</Filter>
    </ClCompile>
    <ClCompile Include="q11376.cpp">
      <Filter>소스 파일</Filter>
    </ClCompile>
    <ClCompile Include="q1017.cpp">
      <Filter>소스 파일</Filter>
    </ClCompile>
    <ClCompile Include="q1671.cpp">
      <Filter>소스 파일</Filter>
    </ClCompile>
    <ClCompile Include="yonsei2022\C.cpp">
      <Filter>소스 파일\YONSEI2022</Filter>
    </ClCompile>
    <ClCompile Include="yonsei2022\D.cpp">
      <Filter>소스 파일\YONSEI2022</Filter>
    </ClCompile>
    <ClCompile Include="yonsei2022\E.cpp">
      <Filter>소스 파일\YONSEI2022</Filter>
    </ClCompile>
    <ClCompile Include="yonsei2022\B.cpp">
      <Filter>소스 파일\YONSEI2022</Filter>
    </ClCompile>
    <ClCompile Include="yonsei2022\F.cpp">
      <Filter>소스 파일\YONSEI2022</Filter>
    </ClCompile>
    <ClCompile Include="q1867.cpp">
      <Filter>소스 파일</Filter>
    </ClCompile>
    <ClCompile Include="q11014.cpp">
      <Filter>소스 파일</Filter>
    </ClCompile>
    <ClCompile Include="q17412.cpp">
      <Filter>소스 파일</Filter>
    </ClCompile>
    <ClCompile Include="q2580.cpp">
      <Filter>소스 파일</Filter>
    </ClCompile>
    <ClCompile Include="q11378.cpp">
      <Filter>소스 파일</Filter>
    </ClCompile>
    <ClCompile Include="q11377.cpp">
      <Filter>소스 파일</Filter>
    </ClCompile>
    <ClCompile Include="Goricon2022\A.cpp">
      <Filter>소스 파일\Goricon2022</Filter>
    </ClCompile>
    <ClCompile Include="Goricon2022\B.cpp">
      <Filter>소스 파일\Goricon2022</Filter>
    </ClCompile>
    <ClCompile Include="APC2022\A.cpp">
      <Filter>소스 파일\APC2022</Filter>
    </ClCompile>
    <ClCompile Include="Goricon2022\C.cpp">
      <Filter>소스 파일\Goricon2022</Filter>
    </ClCompile>
    <ClCompile Include="Goricon2022\D.cpp">
      <Filter>소스 파일\Goricon2022</Filter>
    </ClCompile>
    <ClCompile Include="Goricon2022\E.cpp">
      <Filter>소스 파일\Goricon2022</Filter>
    </ClCompile>
    <ClCompile Include="q14750.cpp">
      <Filter>소스 파일</Filter>
    </ClCompile>
    <ClCompile Include="q2316.cpp">
      <Filter>소스 파일</Filter>
    </ClCompile>
    <ClCompile Include="q17412_dinic.cpp">
      <Filter>소스 파일</Filter>
    </ClCompile>
    <ClCompile Include="q13161.cpp">
      <Filter>소스 파일</Filter>
    </ClCompile>
    <ClCompile Include="q1420.cpp">
      <Filter>소스 파일</Filter>
    </ClCompile>
    <ClCompile Include="q2365.cpp">
      <Filter>소스 파일</Filter>
    </ClCompile>
    <ClCompile Include="q11495.cpp">
      <Filter>소스 파일</Filter>
    </ClCompile>
    <ClCompile Include="q25682.cpp">
      <Filter>소스 파일</Filter>
    </ClCompile>
    <ClCompile Include="q2367.cpp">
      <Filter>소스 파일</Filter>
    </ClCompile>
    <ClCompile Include="q1066.cpp">
      <Filter>소스 파일</Filter>
    </ClCompile>
    <ClCompile Include="q1028.cpp">
      <Filter>소스 파일</Filter>
    </ClCompile>
    <ClCompile Include="Codeforce834\A.cpp">
      <Filter>소스 파일\Codeforce834</Filter>
    </ClCompile>
    <ClCompile Include="Codeforce834\B.cpp">
      <Filter>소스 파일\Codeforce834</Filter>
    </ClCompile>
    <ClCompile Include="Codeforce834\C.cpp">
      <Filter>소스 파일\Codeforce834</Filter>
    </ClCompile>
    <ClCompile Include="Codeforce834\D.cpp">
      <Filter>소스 파일\Codeforce834</Filter>
    </ClCompile>
    <ClCompile Include="Codeforce834\E.cpp">
      <Filter>소스 파일\Codeforce834</Filter>
    </ClCompile>
    <ClCompile Include="q2467.cpp">
      <Filter>소스 파일</Filter>
    </ClCompile>
    <ClCompile Include="q2473.cpp">
      <Filter>소스 파일</Filter>
    </ClCompile>
    <ClCompile Include="q1799.cpp">
      <Filter>소스 파일</Filter>
    </ClCompile>
    <ClCompile Include="q2143.cpp">
      <Filter>소스 파일</Filter>
    </ClCompile>
    <ClCompile Include="q11408.cpp">
      <Filter>소스 파일</Filter>
    </ClCompile>
    <ClCompile Include="q1633.cpp">
      <Filter>소스 파일</Filter>
    </ClCompile>
    <ClCompile Include="q11111.cpp">
      <Filter>소스 파일</Filter>
    </ClCompile>
    <ClCompile Include="hiarc2022\A.cpp">
      <Filter>소스 파일\HIARC2022</Filter>
    </ClCompile>
    <ClCompile Include="hiarc2022\B.cpp">
      <Filter>소스 파일\HIARC2022</Filter>
    </ClCompile>
    <ClCompile Include="hiarc2022\C.cpp">
      <Filter>소스 파일\HIARC2022</Filter>
    </ClCompile>
    <ClCompile Include="hiarc2022\E.cpp">
      <Filter>소스 파일\HIARC2022</Filter>
    </ClCompile>
    <ClCompile Include="hiarc2022\D.cpp">
      <Filter>소스 파일\HIARC2022</Filter>
    </ClCompile>
    <ClCompile Include="hiarc2022\F.cpp">
      <Filter>소스 파일\HIARC2022</Filter>
    </ClCompile>
    <ClCompile Include="hiarc2022\G.cpp">
      <Filter>소스 파일\HIARC2022</Filter>
    </ClCompile>
    <ClCompile Include="PinelyRound1\A.cpp">
      <Filter>소스 파일\PinelyRound1</Filter>
    </ClCompile>
    <ClCompile Include="PinelyRound1\C.cpp">
      <Filter>소스 파일\PinelyRound1</Filter>
    </ClCompile>
    <ClCompile Include="q11493.cpp">
      <Filter>소스 파일</Filter>
    </ClCompile>
    <ClCompile Include="codeforce835\A.cpp">
      <Filter>소스 파일\Codeforce835</Filter>
    </ClCompile>
    <ClCompile Include="codeforce835\B.cpp">
      <Filter>소스 파일\Codeforce835</Filter>
    </ClCompile>
    <ClCompile Include="codeforce835\C.cpp">
      <Filter>소스 파일\Codeforce835</Filter>
    </ClCompile>
    <ClCompile Include="codeforce835\D.cpp">
      <Filter>소스 파일\Codeforce835</Filter>
    </ClCompile>
    <ClCompile Include="codeforce835\E.cpp">
      <Filter>소스 파일\Codeforce835</Filter>
    </ClCompile>
    <ClCompile Include="codeforce835\G.cpp">
      <Filter>소스 파일\Codeforce835</Filter>
    </ClCompile>
    <ClCompile Include="codeforce835\F.cpp">
      <Filter>소스 파일\Codeforce835</Filter>
    </ClCompile>
    <ClCompile Include="q11402.cpp">
      <Filter>소스 파일</Filter>
    </ClCompile>
    <ClCompile Include="q11493_class.cpp">
      <Filter>소스 파일</Filter>
    </ClCompile>
    <ClCompile Include="q11408_class.cpp">
      <Filter>소스 파일</Filter>
    </ClCompile>
    <ClCompile Include="q1044.cpp">
      <Filter>소스 파일</Filter>
    </ClCompile>
    <ClCompile Include="Codeforces836\A.cpp">
      <Filter>소스 파일\Codeforce836</Filter>
    </ClCompile>
    <ClCompile Include="Codeforces836\B.cpp">
      <Filter>소스 파일\Codeforce836</Filter>
    </ClCompile>
    <ClCompile Include="Codeforces836\C.cpp">
      <Filter>소스 파일\Codeforce836</Filter>
    </ClCompile>
    <ClCompile Include="Codeforces836\D.cpp">
      <Filter>소스 파일\Codeforce836</Filter>
    </ClCompile>
    <ClCompile Include="q3955.cpp">
      <Filter>소스 파일</Filter>
    </ClCompile>
    <ClCompile Include="UniCODE2022\A.cpp">
      <Filter>소스 파일\UniCODE2022</Filter>
    </ClCompile>
    <ClCompile Include="UniCODE2022\B.cpp">
      <Filter>소스 파일\UniCODE2022</Filter>
    </ClCompile>
    <ClCompile Include="UniCODE2022\C.cpp">
      <Filter>소스 파일\UniCODE2022</Filter>
    </ClCompile>
    <ClCompile Include="UniCODE2022\D.cpp">
      <Filter>소스 파일\UniCODE2022</Filter>
    </ClCompile>
    <ClCompile Include="GomGom2022\A.cpp">
      <Filter>소스 파일\GomGom2022</Filter>
    </ClCompile>
    <ClCompile Include="GomGom2022\B.cpp">
      <Filter>소스 파일\GomGom2022</Filter>
    </ClCompile>
    <ClCompile Include="GomGom2022\D.cpp">
      <Filter>소스 파일\GomGom2022</Filter>
    </ClCompile>
    <ClCompile Include="GomGom2022\E.cpp">
      <Filter>소스 파일\GomGom2022</Filter>
    </ClCompile>
    <ClCompile Include="GomGom2022\F.cpp">
      <Filter>소스 파일\GomGom2022</Filter>
    </ClCompile>
    <ClCompile Include="GomGom2022\H.cpp">
      <Filter>소스 파일\GomGom2022</Filter>
    </ClCompile>
    <ClCompile Include="Toyota2022\C.cpp">
      <Filter>소스 파일\Toyota2022</Filter>
    </ClCompile>
    <ClCompile Include="Toyota2022\D.cpp">
      <Filter>소스 파일\Toyota2022</Filter>
    </ClCompile>
    <ClCompile Include="CodeforcesGlobal24\B.cpp">
      <Filter>소스 파일\CodeforcesGlobal24</Filter>
    </ClCompile>
    <ClCompile Include="CodeforcesGlobal24\A.cpp">
      <Filter>소스 파일\CodeforcesGlobal24</Filter>
    </ClCompile>
    <ClCompile Include="CodeforcesGlobal24\C.cpp">
      <Filter>소스 파일\CodeforcesGlobal24</Filter>
    </ClCompile>
    <ClCompile Include="q15718.cpp">
      <Filter>소스 파일</Filter>
    </ClCompile>
    <ClCompile Include="q5615.cpp">
      <Filter>소스 파일</Filter>
    </ClCompile>
    <ClCompile Include="q4149.cpp">
      <Filter>소스 파일</Filter>
    </ClCompile>
    <ClCompile Include="q16724.cpp">
      <Filter>소스 파일</Filter>
    </ClCompile>
    <ClCompile Include="q1067.cpp">
      <Filter>소스 파일</Filter>
    </ClCompile>
    <ClCompile Include="q10531.cpp">
      <Filter>소스 파일</Filter>
    </ClCompile>
    <ClCompile Include="q20176.cpp">
      <Filter>소스 파일</Filter>
    </ClCompile>
  </ItemGroup>
  <ItemGroup>
    <ClInclude Include="biggest.h">
      <Filter>헤더 파일\q24324</Filter>
    </ClInclude>
  </ItemGroup>
</Project>