<?xml version="1.0" encoding="utf-8"?>
<Project ToolsVersion="4.0" xmlns="http://schemas.microsoft.com/developer/msbuild/2003">
  <ItemGroup>
    <Filter Include="소스 파일">
      <UniqueIdentifier>{4FC737F1-C7A5-4376-A066-2A32D752A2FF}</UniqueIdentifier>
      <Extensions>cpp;c;cc;cxx;c++;cppm;ixx;def;odl;idl;hpj;bat;asm;asmx</Extensions>
    </Filter>
    <Filter Include="헤더 파일">
      <UniqueIdentifier>{93995380-89BD-4b04-88EB-625FBE52EBFB}</UniqueIdentifier>
      <Extensions>h;hh;hpp;hxx;h++;hm;inl;inc;ipp;xsd</Extensions>
    </Filter>
    <Filter Include="리소스 파일">
      <UniqueIdentifier>{67DA6AB6-F800-4c08-8B7A-83BB121AAD01}</UniqueIdentifier>
      <Extensions>rc;ico;cur;bmp;dlg;rc2;rct;bin;rgs;gif;jpg;jpeg;jpe;resx;tiff;tif;png;wav;mfcribbon-ms</Extensions>
    </Filter>
    <Filter Include="소스 파일\q24324">
      <UniqueIdentifier>{0035b660-529f-4d91-9f5a-fa2194088d15}</UniqueIdentifier>
    </Filter>
    <Filter Include="헤더 파일\q24324">
      <UniqueIdentifier>{9fc2c91a-291b-4dd7-9451-8a89dbc053f9}</UniqueIdentifier>
    </Filter>
  </ItemGroup>
  <ItemGroup>
    <ClCompile Include="q1987.cpp">
      <Filter>소스 파일</Filter>
    </ClCompile>
    <ClCompile Include="q14216.cpp">
      <Filter>소스 파일</Filter>
    </ClCompile>
    <ClCompile Include="q1019.cpp">
      <Filter>소스 파일</Filter>
    </ClCompile>
    <ClCompile Include="q1026.cpp">
      <Filter>소스 파일</Filter>
    </ClCompile>
    <ClCompile Include="q3584.cpp">
      <Filter>소스 파일</Filter>
    </ClCompile>
    <ClCompile Include="q3665.cpp">
      <Filter>소스 파일</Filter>
    </ClCompile>
    <ClCompile Include="q5670.cpp">
      <Filter>소스 파일</Filter>
    </ClCompile>
    <ClCompile Include="q9527.cpp">
      <Filter>소스 파일</Filter>
    </ClCompile>
    <ClCompile Include="biggest.cpp">
      <Filter>소스 파일\q24324</Filter>
    </ClCompile>
    <ClCompile Include="Lgrader.cpp">
      <Filter>소스 파일\q24324</Filter>
    </ClCompile>
    <ClCompile Include="q2193.cpp">
      <Filter>소스 파일</Filter>
    </ClCompile>
    <ClCompile Include="q18236.cpp">
      <Filter>소스 파일</Filter>
    </ClCompile>
    <ClCompile Include="q3015.cpp">
      <Filter>소스 파일</Filter>
    </ClCompile>
    <ClCompile Include="q10026.cpp">
      <Filter>소스 파일</Filter>
    </ClCompile>
    <ClCompile Include="q16435.cpp">
      <Filter>소스 파일</Filter>
    </ClCompile>
    <ClCompile Include="q14659.cpp">
      <Filter>소스 파일</Filter>
    </ClCompile>
    <ClCompile Include="q13511.cpp">
      <Filter>소스 파일</Filter>
    </ClCompile>
    <ClCompile Include="q2343.cpp">
      <Filter>소스 파일</Filter>
    </ClCompile>
    <ClCompile Include="q4196.cpp">
      <Filter>소스 파일</Filter>
    </ClCompile>
    <ClCompile Include="q14442.cpp">
      <Filter>소스 파일</Filter>
    </ClCompile>
    <ClCompile Include="q1006.cpp">
      <Filter>소스 파일</Filter>
    </ClCompile>
    <ClCompile Include="q2206.cpp">
      <Filter>소스 파일</Filter>
    </ClCompile>
    <ClCompile Include="q1086.cpp">
      <Filter>소스 파일</Filter>
    </ClCompile>
    <ClCompile Include="q2642.cpp">
      <Filter>소스 파일</Filter>
    </ClCompile>
    <ClCompile Include="q2150.cpp">
      <Filter>소스 파일</Filter>
    </ClCompile>
    <ClCompile Include="q1005.cpp">
      <Filter>소스 파일</Filter>
    </ClCompile>
    <ClCompile Include="q1766.cpp">
      <Filter>소스 파일</Filter>
    </ClCompile>
    <ClCompile Include="q3977.cpp">
      <Filter>소스 파일</Filter>
    </ClCompile>
    <ClCompile Include="q4013.cpp">
      <Filter>소스 파일</Filter>
    </ClCompile>
    <ClCompile Include="q7662.cpp">
      <Filter>소스 파일</Filter>
    </ClCompile>
  </ItemGroup>
  <ItemGroup>
    <ClInclude Include="biggest.h">
      <Filter>헤더 파일\q24324</Filter>
    </ClInclude>
  </ItemGroup>
</Project>