<?xml version="1.0" encoding="utf-8"?>
<Project ToolsVersion="4.0" xmlns="http://schemas.microsoft.com/developer/msbuild/2003">
  <ItemGroup>
    <Filter Include="소스 파일">
      <UniqueIdentifier>{4FC737F1-C7A5-4376-A066-2A32D752A2FF}</UniqueIdentifier>
      <Extensions>cpp;c;cc;cxx;c++;cppm;ixx;def;odl;idl;hpj;bat;asm;asmx</Extensions>
    </Filter>
    <Filter Include="헤더 파일">
      <UniqueIdentifier>{93995380-89BD-4b04-88EB-625FBE52EBFB}</UniqueIdentifier>
      <Extensions>h;hh;hpp;hxx;h++;hm;inl;inc;ipp;xsd</Extensions>
    </Filter>
    <Filter Include="리소스 파일">
      <UniqueIdentifier>{67DA6AB6-F800-4c08-8B7A-83BB121AAD01}</UniqueIdentifier>
      <Extensions>rc;ico;cur;bmp;dlg;rc2;rct;bin;rgs;gif;jpg;jpeg;jpe;resx;tiff;tif;png;wav;mfcribbon-ms</Extensions>
    </Filter>
    <Filter Include="소스 파일\q24324">
      <UniqueIdentifier>{0035b660-529f-4d91-9f5a-fa2194088d15}</UniqueIdentifier>
    </Filter>
    <Filter Include="헤더 파일\q24324">
      <UniqueIdentifier>{9fc2c91a-291b-4dd7-9451-8a89dbc053f9}</UniqueIdentifier>
    </Filter>
    <Filter Include="소스 파일\q22308">
      <UniqueIdentifier>{79dd26f6-bed1-4aef-a4b1-1f1be12f83d1}</UniqueIdentifier>
    </Filter>
    <Filter Include="소스 파일\2022">
      <UniqueIdentifier>{58723944-6831-4231-8398-e90616104e87}</UniqueIdentifier>
    </Filter>
    <Filter Include="소스 파일\2022\IGRUS2022">
      <UniqueIdentifier>{49ddcd60-dcc2-4b12-b2c6-c070a41baf98}</UniqueIdentifier>
    </Filter>
    <Filter Include="소스 파일\2022\HIARC2022">
      <UniqueIdentifier>{0925dac9-347d-471d-a54c-28627003605b}</UniqueIdentifier>
    </Filter>
    <Filter Include="소스 파일\2022\APC2022">
      <UniqueIdentifier>{08cdb07e-b3eb-47bd-ab4e-649371be7fa0}</UniqueIdentifier>
    </Filter>
    <Filter Include="소스 파일\2022\AtCoder280">
      <UniqueIdentifier>{2c9997a4-148d-4e37-9055-61e02128a2bf}</UniqueIdentifier>
    </Filter>
    <Filter Include="소스 파일\2022\ChocolateCup2022">
      <UniqueIdentifier>{e60c1169-18fc-4a79-a5ca-dad065a54daf}</UniqueIdentifier>
    </Filter>
    <Filter Include="소스 파일\2022\Codeforce834">
      <UniqueIdentifier>{573f7fae-153a-46ee-990c-9c70eff73252}</UniqueIdentifier>
    </Filter>
    <Filter Include="소스 파일\2022\Codeforce835">
      <UniqueIdentifier>{75605eb6-c41a-4254-89ef-6f2104af72dd}</UniqueIdentifier>
    </Filter>
    <Filter Include="소스 파일\2022\Codeforce836">
      <UniqueIdentifier>{3c48167d-8a18-4b70-a3d3-84de295a0716}</UniqueIdentifier>
    </Filter>
    <Filter Include="소스 파일\2022\CodeforcesGlobal24">
      <UniqueIdentifier>{d9e0865c-93b9-4d54-8650-d0733224781d}</UniqueIdentifier>
    </Filter>
    <Filter Include="소스 파일\2022\GomGom2022">
      <UniqueIdentifier>{b993be28-a6b8-466a-b0a5-c5738bf92042}</UniqueIdentifier>
    </Filter>
    <Filter Include="소스 파일\2022\Goricon2022">
      <UniqueIdentifier>{52e11458-2d82-41e0-9430-30e874468d7c}</UniqueIdentifier>
    </Filter>
    <Filter Include="소스 파일\2022\HCPC2022">
      <UniqueIdentifier>{f8a586b0-ddc5-4834-9b86-da82399ba129}</UniqueIdentifier>
    </Filter>
    <Filter Include="소스 파일\2022\HCPC2022\Advanced">
      <UniqueIdentifier>{dd7382d0-0fa1-468f-be6f-afb38c3c56bf}</UniqueIdentifier>
    </Filter>
    <Filter Include="소스 파일\2022\PinelyRound1">
      <UniqueIdentifier>{ed3f03bb-1a77-4b79-8811-785a228c8377}</UniqueIdentifier>
    </Filter>
    <Filter Include="소스 파일\2022\Toyota2022">
      <UniqueIdentifier>{d470c7b8-9e34-4ad1-87d6-d5169d028269}</UniqueIdentifier>
    </Filter>
    <Filter Include="소스 파일\2022\UniCODE2022">
      <UniqueIdentifier>{5ab27990-ba2d-4e7f-8044-5e63ee8ae81c}</UniqueIdentifier>
    </Filter>
    <Filter Include="소스 파일\2022\YONSEI2022">
      <UniqueIdentifier>{0f8c8bbf-c3b3-4450-a06a-d377db194050}</UniqueIdentifier>
    </Filter>
    <Filter Include="소스 파일\2022\겨울 숲의 초대">
      <UniqueIdentifier>{f85c3b70-dbd1-48a6-b65e-b9f3b2e42eb6}</UniqueIdentifier>
    </Filter>
    <Filter Include="소스 파일\2022\SCUPC2022">
      <UniqueIdentifier>{d66d0dec-8d55-4667-b59c-277c177e98e1}</UniqueIdentifier>
    </Filter>
    <Filter Include="소스 파일\2022\AtCoder282">
      <UniqueIdentifier>{13f9b359-fad4-4500-940b-b182d24f84e5}</UniqueIdentifier>
    </Filter>
    <Filter Include="소스 파일\2022\Codeforce839">
      <UniqueIdentifier>{0cf01be0-0a14-44a2-b2d2-383e557d2a0b}</UniqueIdentifier>
    </Filter>
    <Filter Include="소스 파일\2022\ZOAC2022">
      <UniqueIdentifier>{f24b9865-f7e2-4cf0-a481-451e8794375a}</UniqueIdentifier>
    </Filter>
    <Filter Include="소스 파일\2022\GoodBye2022">
      <UniqueIdentifier>{b4bb6ba7-9b91-45cb-8014-7e981aa27ce6}</UniqueIdentifier>
    </Filter>
    <Filter Include="소스 파일\2023">
      <UniqueIdentifier>{ea5d6799-a6ef-4c66-b7e0-1323be99dd1c}</UniqueIdentifier>
    </Filter>
    <Filter Include="소스 파일\2023\Codeforce842">
      <UniqueIdentifier>{04853ca9-801f-4ecb-933f-3d0ffc4a89f9}</UniqueIdentifier>
    </Filter>
    <Filter Include="소스 파일\swea">
      <UniqueIdentifier>{e59c8aca-b9dc-4b4c-8d13-1873cb0e901a}</UniqueIdentifier>
    </Filter>
    <Filter Include="소스 파일\2023\AtcoderRegular153">
      <UniqueIdentifier>{4bb0c0da-1dbd-467c-9a52-4c3d586d4d46}</UniqueIdentifier>
    </Filter>
    <Filter Include="소스 파일\2023\AtCoder285">
      <UniqueIdentifier>{4b359617-54e1-46b3-94b3-315c3ea4c166}</UniqueIdentifier>
    </Filter>
    <Filter Include="소스 파일\2023\Codeforce847">
      <UniqueIdentifier>{c59f0086-703d-4b3e-b65b-1d6cf6c92c5e}</UniqueIdentifier>
    </Filter>
    <Filter Include="소스 파일\2023\KCKPC2022">
      <UniqueIdentifier>{fc92f519-1e38-4054-bfd9-de105bf977c0}</UniqueIdentifier>
    </Filter>
    <Filter Include="소스 파일\2023\AtCoder288">
      <UniqueIdentifier>{c66f4618-b825-44a9-8d77-bd3784203a23}</UniqueIdentifier>
    </Filter>
    <Filter Include="소스 파일\2023\Codeforce851">
      <UniqueIdentifier>{5c842192-20a6-466c-accf-dc34bfab1db7}</UniqueIdentifier>
    </Filter>
    <Filter Include="소스 파일\2023\SUAPC2023winter">
      <UniqueIdentifier>{abc1b604-71dd-4c4c-be73-0858a2cd58c1}</UniqueIdentifier>
    </Filter>
    <Filter Include="소스 파일\2023\hjroh">
      <UniqueIdentifier>{35cfe0bd-bcb1-42d5-834c-3d30b620ba9e}</UniqueIdentifier>
    </Filter>
    <Filter Include="소스 파일\2023\SKK">
      <UniqueIdentifier>{603df001-d58e-457e-9a4d-cfd650190b30}</UniqueIdentifier>
    </Filter>
    <Filter Include="소스 파일\swea\swea1768">
      <UniqueIdentifier>{a37fe89d-d840-48e9-9e28-de32ebe175ce}</UniqueIdentifier>
    </Filter>
    <Filter Include="소스 파일\2023\CHAC2023">
      <UniqueIdentifier>{55054c02-adef-4fe6-a731-cbb177ccca1e}</UniqueIdentifier>
    </Filter>
    <Filter Include="소스 파일\2023\shake2022">
      <UniqueIdentifier>{d349dc1f-f923-4e46-b726-a9a5a1e7b75f}</UniqueIdentifier>
    </Filter>
    <Filter Include="소스 파일\swea\swea1770">
      <UniqueIdentifier>{23c20a89-84b2-44ef-9b82-a63e8e3ac71c}</UniqueIdentifier>
    </Filter>
    <Filter Include="소스 파일\swea\swea13469">
      <UniqueIdentifier>{e4e31d2b-923d-4ed3-8e4c-32facf7d6499}</UniqueIdentifier>
    </Filter>
    <Filter Include="소스 파일\swea\swea11707">
      <UniqueIdentifier>{95862d6f-c414-44b4-aebe-a86aca2e4237}</UniqueIdentifier>
    </Filter>
    <Filter Include="소스 파일\swea\swea13471">
      <UniqueIdentifier>{6f0897a0-1949-4b33-9a2f-8c2598157a9e}</UniqueIdentifier>
    </Filter>
    <Filter Include="소스 파일\swea\swea13475">
      <UniqueIdentifier>{c813c88e-1e31-4ee6-98c4-581f9ac10cd4}</UniqueIdentifier>
    </Filter>
    <Filter Include="소스 파일\swea\swea13461">
      <UniqueIdentifier>{b63461a0-6fe0-4390-a280-7a37aa5f86e7}</UniqueIdentifier>
    </Filter>
    <Filter Include="소스 파일\swea\swea14613">
      <UniqueIdentifier>{75a791ca-823c-4708-88b1-0cade9778a40}</UniqueIdentifier>
    </Filter>
    <Filter Include="소스 파일\2023\Gahui2023">
      <UniqueIdentifier>{1f929942-48ba-4bc4-b5cb-5105c4740e06}</UniqueIdentifier>
    </Filter>
    <Filter Include="소스 파일\2023\KOYON2023">
      <UniqueIdentifier>{82872559-e6aa-4840-be9b-cf6ba4d0c104}</UniqueIdentifier>
    </Filter>
    <Filter Include="소스 파일\codetree">
      <UniqueIdentifier>{a2fc5b63-ec65-4e31-8307-c7428abedac4}</UniqueIdentifier>
    </Filter>
    <Filter Include="소스 파일\q1000~">
      <UniqueIdentifier>{068f8b58-9608-4b3e-95f7-afcd84c9e8cb}</UniqueIdentifier>
    </Filter>
    <Filter Include="소스 파일\q1100~">
      <UniqueIdentifier>{6f7b1eab-b888-49b1-abe0-cb932c3fa532}</UniqueIdentifier>
    </Filter>
    <Filter Include="소스 파일\q1400~">
      <UniqueIdentifier>{9de1bfda-c8a9-4586-b48a-b77bcc15c188}</UniqueIdentifier>
    </Filter>
    <Filter Include="소스 파일\q2000~">
      <UniqueIdentifier>{992bb055-8a51-4505-893c-b7a553025b29}</UniqueIdentifier>
    </Filter>
    <Filter Include="소스 파일\q2500~">
      <UniqueIdentifier>{0fa48418-313a-4f14-9858-c017f90de597}</UniqueIdentifier>
    </Filter>
    <Filter Include="소스 파일\q3000~">
      <UniqueIdentifier>{915d3141-10f3-426d-a147-efc78323033b}</UniqueIdentifier>
    </Filter>
    <Filter Include="소스 파일\q4000~">
      <UniqueIdentifier>{3fcdcb32-dbac-4fac-90d4-ddb6d869911e}</UniqueIdentifier>
    </Filter>
    <Filter Include="소스 파일\q6000~">
      <UniqueIdentifier>{4313a189-707f-409c-8712-868ae1e694aa}</UniqueIdentifier>
    </Filter>
    <Filter Include="소스 파일\q10000~">
      <UniqueIdentifier>{57ee2e63-7427-4030-87f2-fa1e31b8454f}</UniqueIdentifier>
    </Filter>
    <Filter Include="소스 파일\q11000~">
      <UniqueIdentifier>{6cd5277e-7f23-40e4-9143-5d038616e109}</UniqueIdentifier>
    </Filter>
    <Filter Include="소스 파일\q12000~">
      <UniqueIdentifier>{2bddd03d-6ea0-4f18-9777-003a94107b94}</UniqueIdentifier>
    </Filter>
    <Filter Include="소스 파일\q13000~">
      <UniqueIdentifier>{488027d4-64aa-4e90-ae46-0954354100fc}</UniqueIdentifier>
    </Filter>
    <Filter Include="소스 파일\q14000~">
      <UniqueIdentifier>{f7d11d3d-ae37-4da3-a6ca-a1a378fc988a}</UniqueIdentifier>
    </Filter>
    <Filter Include="소스 파일\q15000~">
      <UniqueIdentifier>{584610ec-37c3-40cb-b57f-44bd3e14af82}</UniqueIdentifier>
    </Filter>
    <Filter Include="소스 파일\q16000~">
      <UniqueIdentifier>{2349c22d-00f7-4a44-bf0e-acddd06f2674}</UniqueIdentifier>
    </Filter>
    <Filter Include="소스 파일\q17000~">
      <UniqueIdentifier>{28d4a373-690d-4ac6-9bf1-383c22df1f10}</UniqueIdentifier>
    </Filter>
    <Filter Include="소스 파일\reference">
      <UniqueIdentifier>{ff5fdba6-801e-4782-a59c-6b7dff006d43}</UniqueIdentifier>
    </Filter>
    <Filter Include="소스 파일\2023\Gazi2023">
      <UniqueIdentifier>{fad1afc0-94f6-4e31-bf17-4cceeafb00f7}</UniqueIdentifier>
    </Filter>
    <Filter Include="소스 파일\2023\AtCoder297">
      <UniqueIdentifier>{cb6523a8-e326-4641-8b62-d05f9af662e8}</UniqueIdentifier>
    </Filter>
    <Filter Include="소스 파일\2023\ABC298">
      <UniqueIdentifier>{380f5bba-044e-4670-a111-a116d83b98a4}</UniqueIdentifier>
    </Filter>
    <Filter Include="소스 파일\2023\AGCU2023">
      <UniqueIdentifier>{650ff703-3ff3-418d-b3f6-da9bc0fd720c}</UniqueIdentifier>
    </Filter>
  </ItemGroup>
  <ItemGroup>
    <ClCompile Include="biggest.cpp">
      <Filter>소스 파일\q24324</Filter>
    </ClCompile>
    <ClCompile Include="Lgrader.cpp">
      <Filter>소스 파일\q24324</Filter>
    </ClCompile>
    <ClCompile Include="q18236.cpp">
      <Filter>소스 파일</Filter>
    </ClCompile>
    <ClCompile Include="q22308_converter.cpp">
      <Filter>소스 파일\q22308</Filter>
    </ClCompile>
    <ClCompile Include="q22308_path_finder.cpp">
      <Filter>소스 파일\q22308</Filter>
    </ClCompile>
    <ClCompile Include="q22308_path_checker.cpp">
      <Filter>소스 파일\q22308</Filter>
    </ClCompile>
    <ClCompile Include="IGRUS\q1.cpp">
      <Filter>소스 파일\2022\IGRUS2022</Filter>
    </ClCompile>
    <ClCompile Include="IGRUS\q2.cpp">
      <Filter>소스 파일\2022\IGRUS2022</Filter>
    </ClCompile>
    <ClCompile Include="IGRUS\q3.cpp">
      <Filter>소스 파일\2022\IGRUS2022</Filter>
    </ClCompile>
    <ClCompile Include="IGRUS\q4.cpp">
      <Filter>소스 파일\2022\IGRUS2022</Filter>
    </ClCompile>
    <ClCompile Include="IGRUS\q5.cpp">
      <Filter>소스 파일\2022\IGRUS2022</Filter>
    </ClCompile>
    <ClCompile Include="IGRUS\q6.cpp">
      <Filter>소스 파일\2022\IGRUS2022</Filter>
    </ClCompile>
    <ClCompile Include="IGRUS\q7.cpp">
      <Filter>소스 파일\2022\IGRUS2022</Filter>
    </ClCompile>
    <ClCompile Include="IGRUS\q8.cpp">
      <Filter>소스 파일\2022\IGRUS2022</Filter>
    </ClCompile>
    <ClCompile Include="IGRUS\q9.cpp">
      <Filter>소스 파일\2022\IGRUS2022</Filter>
    </ClCompile>
    <ClCompile Include="IGRUS\q10.cpp">
      <Filter>소스 파일\2022\IGRUS2022</Filter>
    </ClCompile>
    <ClCompile Include="IGRUS\q11.cpp">
      <Filter>소스 파일\2022\IGRUS2022</Filter>
    </ClCompile>
    <ClCompile Include="q24060.cpp">
      <Filter>소스 파일</Filter>
    </ClCompile>
    <ClCompile Include="q20303.cpp">
      <Filter>소스 파일</Filter>
    </ClCompile>
    <ClCompile Include="ChocolateCup2022\q1.cpp">
      <Filter>소스 파일\2022\ChocolateCup2022</Filter>
    </ClCompile>
    <ClCompile Include="ChocolateCup2022\q3.cpp">
      <Filter>소스 파일\2022\ChocolateCup2022</Filter>
    </ClCompile>
    <ClCompile Include="ChocolateCup2022\q4.cpp">
      <Filter>소스 파일\2022\ChocolateCup2022</Filter>
    </ClCompile>
    <ClCompile Include="q18185.cpp">
      <Filter>소스 파일</Filter>
    </ClCompile>
    <ClCompile Include="yonsei2022\C.cpp">
      <Filter>소스 파일\2022\YONSEI2022</Filter>
    </ClCompile>
    <ClCompile Include="yonsei2022\D.cpp">
      <Filter>소스 파일\2022\YONSEI2022</Filter>
    </ClCompile>
    <ClCompile Include="yonsei2022\E.cpp">
      <Filter>소스 파일\2022\YONSEI2022</Filter>
    </ClCompile>
    <ClCompile Include="yonsei2022\B.cpp">
      <Filter>소스 파일\2022\YONSEI2022</Filter>
    </ClCompile>
    <ClCompile Include="yonsei2022\F.cpp">
      <Filter>소스 파일\2022\YONSEI2022</Filter>
    </ClCompile>
    <ClCompile Include="Goricon2022\A.cpp">
      <Filter>소스 파일\2022\Goricon2022</Filter>
    </ClCompile>
    <ClCompile Include="Goricon2022\B.cpp">
      <Filter>소스 파일\2022\Goricon2022</Filter>
    </ClCompile>
    <ClCompile Include="APC2022\A.cpp">
      <Filter>소스 파일\2022\APC2022</Filter>
    </ClCompile>
    <ClCompile Include="Goricon2022\C.cpp">
      <Filter>소스 파일\2022\Goricon2022</Filter>
    </ClCompile>
    <ClCompile Include="Goricon2022\D.cpp">
      <Filter>소스 파일\2022\Goricon2022</Filter>
    </ClCompile>
    <ClCompile Include="Goricon2022\E.cpp">
      <Filter>소스 파일\2022\Goricon2022</Filter>
    </ClCompile>
    <ClCompile Include="q25682.cpp">
      <Filter>소스 파일</Filter>
    </ClCompile>
    <ClCompile Include="Codeforce834\A.cpp">
      <Filter>소스 파일\2022\Codeforce834</Filter>
    </ClCompile>
    <ClCompile Include="Codeforce834\B.cpp">
      <Filter>소스 파일\2022\Codeforce834</Filter>
    </ClCompile>
    <ClCompile Include="Codeforce834\C.cpp">
      <Filter>소스 파일\2022\Codeforce834</Filter>
    </ClCompile>
    <ClCompile Include="Codeforce834\D.cpp">
      <Filter>소스 파일\2022\Codeforce834</Filter>
    </ClCompile>
    <ClCompile Include="Codeforce834\E.cpp">
      <Filter>소스 파일\2022\Codeforce834</Filter>
    </ClCompile>
    <ClCompile Include="hiarc2022\A.cpp">
      <Filter>소스 파일\2022\HIARC2022</Filter>
    </ClCompile>
    <ClCompile Include="hiarc2022\B.cpp">
      <Filter>소스 파일\2022\HIARC2022</Filter>
    </ClCompile>
    <ClCompile Include="hiarc2022\C.cpp">
      <Filter>소스 파일\2022\HIARC2022</Filter>
    </ClCompile>
    <ClCompile Include="hiarc2022\E.cpp">
      <Filter>소스 파일\2022\HIARC2022</Filter>
    </ClCompile>
    <ClCompile Include="hiarc2022\D.cpp">
      <Filter>소스 파일\2022\HIARC2022</Filter>
    </ClCompile>
    <ClCompile Include="hiarc2022\F.cpp">
      <Filter>소스 파일\2022\HIARC2022</Filter>
    </ClCompile>
    <ClCompile Include="hiarc2022\G.cpp">
      <Filter>소스 파일\2022\HIARC2022</Filter>
    </ClCompile>
    <ClCompile Include="PinelyRound1\A.cpp">
      <Filter>소스 파일\2022\PinelyRound1</Filter>
    </ClCompile>
    <ClCompile Include="PinelyRound1\C.cpp">
      <Filter>소스 파일\2022\PinelyRound1</Filter>
    </ClCompile>
    <ClCompile Include="codeforce835\A.cpp">
      <Filter>소스 파일\2022\Codeforce835</Filter>
    </ClCompile>
    <ClCompile Include="codeforce835\B.cpp">
      <Filter>소스 파일\2022\Codeforce835</Filter>
    </ClCompile>
    <ClCompile Include="codeforce835\C.cpp">
      <Filter>소스 파일\2022\Codeforce835</Filter>
    </ClCompile>
    <ClCompile Include="codeforce835\D.cpp">
      <Filter>소스 파일\2022\Codeforce835</Filter>
    </ClCompile>
    <ClCompile Include="codeforce835\E.cpp">
      <Filter>소스 파일\2022\Codeforce835</Filter>
    </ClCompile>
    <ClCompile Include="codeforce835\G.cpp">
      <Filter>소스 파일\2022\Codeforce835</Filter>
    </ClCompile>
    <ClCompile Include="codeforce835\F.cpp">
      <Filter>소스 파일\2022\Codeforce835</Filter>
    </ClCompile>
    <ClCompile Include="Codeforces836\A.cpp">
      <Filter>소스 파일\2022\Codeforce836</Filter>
    </ClCompile>
    <ClCompile Include="Codeforces836\B.cpp">
      <Filter>소스 파일\2022\Codeforce836</Filter>
    </ClCompile>
    <ClCompile Include="Codeforces836\C.cpp">
      <Filter>소스 파일\2022\Codeforce836</Filter>
    </ClCompile>
    <ClCompile Include="Codeforces836\D.cpp">
      <Filter>소스 파일\2022\Codeforce836</Filter>
    </ClCompile>
    <ClCompile Include="UniCODE2022\A.cpp">
      <Filter>소스 파일\2022\UniCODE2022</Filter>
    </ClCompile>
    <ClCompile Include="UniCODE2022\B.cpp">
      <Filter>소스 파일\2022\UniCODE2022</Filter>
    </ClCompile>
    <ClCompile Include="UniCODE2022\C.cpp">
      <Filter>소스 파일\2022\UniCODE2022</Filter>
    </ClCompile>
    <ClCompile Include="UniCODE2022\D.cpp">
      <Filter>소스 파일\2022\UniCODE2022</Filter>
    </ClCompile>
    <ClCompile Include="GomGom2022\A.cpp">
      <Filter>소스 파일\2022\GomGom2022</Filter>
    </ClCompile>
    <ClCompile Include="GomGom2022\B.cpp">
      <Filter>소스 파일\2022\GomGom2022</Filter>
    </ClCompile>
    <ClCompile Include="GomGom2022\D.cpp">
      <Filter>소스 파일\2022\GomGom2022</Filter>
    </ClCompile>
    <ClCompile Include="GomGom2022\E.cpp">
      <Filter>소스 파일\2022\GomGom2022</Filter>
    </ClCompile>
    <ClCompile Include="GomGom2022\F.cpp">
      <Filter>소스 파일\2022\GomGom2022</Filter>
    </ClCompile>
    <ClCompile Include="GomGom2022\H.cpp">
      <Filter>소스 파일\2022\GomGom2022</Filter>
    </ClCompile>
    <ClCompile Include="Toyota2022\C.cpp">
      <Filter>소스 파일\2022\Toyota2022</Filter>
    </ClCompile>
    <ClCompile Include="Toyota2022\D.cpp">
      <Filter>소스 파일\2022\Toyota2022</Filter>
    </ClCompile>
    <ClCompile Include="CodeforcesGlobal24\B.cpp">
      <Filter>소스 파일\2022\CodeforcesGlobal24</Filter>
    </ClCompile>
    <ClCompile Include="CodeforcesGlobal24\A.cpp">
      <Filter>소스 파일\2022\CodeforcesGlobal24</Filter>
    </ClCompile>
    <ClCompile Include="CodeforcesGlobal24\C.cpp">
      <Filter>소스 파일\2022\CodeforcesGlobal24</Filter>
    </ClCompile>
    <ClCompile Include="q20176.cpp">
      <Filter>소스 파일</Filter>
    </ClCompile>
    <ClCompile Include="AtCoder280\A.cpp">
      <Filter>소스 파일\2022\AtCoder280</Filter>
    </ClCompile>
    <ClCompile Include="AtCoder280\B.cpp">
      <Filter>소스 파일\2022\AtCoder280</Filter>
    </ClCompile>
    <ClCompile Include="AtCoder280\C.cpp">
      <Filter>소스 파일\2022\AtCoder280</Filter>
    </ClCompile>
    <ClCompile Include="HCPC2022\A.cpp">
      <Filter>소스 파일\2022\HCPC2022</Filter>
    </ClCompile>
    <ClCompile Include="HCPC2022\B.cpp">
      <Filter>소스 파일\2022\HCPC2022</Filter>
    </ClCompile>
    <ClCompile Include="HCPC2022\C.cpp">
      <Filter>소스 파일\2022\HCPC2022</Filter>
    </ClCompile>
    <ClCompile Include="HCPC2022\Advanced\D.cpp">
      <Filter>소스 파일\2022\HCPC2022\Advanced</Filter>
    </ClCompile>
    <ClCompile Include="HCPC2022\F.cpp">
      <Filter>소스 파일\2022\HCPC2022</Filter>
    </ClCompile>
    <ClCompile Include="HCPC2022\H.cpp">
      <Filter>소스 파일\2022\HCPC2022</Filter>
    </ClCompile>
    <ClCompile Include="q23757.cpp">
      <Filter>소스 파일</Filter>
    </ClCompile>
    <ClCompile Include="winter_forest\A.cpp">
      <Filter>소스 파일\2022\겨울 숲의 초대</Filter>
    </ClCompile>
    <ClCompile Include="winter_forest\B.cpp">
      <Filter>소스 파일\2022\겨울 숲의 초대</Filter>
    </ClCompile>
    <ClCompile Include="winter_forest\C.cpp">
      <Filter>소스 파일\2022\겨울 숲의 초대</Filter>
    </ClCompile>
    <ClCompile Include="SCUPC2022\A.cpp">
      <Filter>소스 파일\2022\SCUPC2022</Filter>
    </ClCompile>
    <ClCompile Include="SCUPC2022\B.cpp">
      <Filter>소스 파일\2022\SCUPC2022</Filter>
    </ClCompile>
    <ClCompile Include="SCUPC2022\D.cpp">
      <Filter>소스 파일\2022\SCUPC2022</Filter>
    </ClCompile>
    <ClCompile Include="SCUPC2022\E.cpp">
      <Filter>소스 파일\2022\SCUPC2022</Filter>
    </ClCompile>
    <ClCompile Include="SCUPC2022\C.cpp">
      <Filter>소스 파일\2022\SCUPC2022</Filter>
    </ClCompile>
    <ClCompile Include="AtCoder282\A.cpp">
      <Filter>소스 파일\2022\AtCoder282</Filter>
    </ClCompile>
    <ClCompile Include="AtCoder282\B.cpp">
      <Filter>소스 파일\2022\AtCoder282</Filter>
    </ClCompile>
    <ClCompile Include="AtCoder282\C.cpp">
      <Filter>소스 파일\2022\AtCoder282</Filter>
    </ClCompile>
    <ClCompile Include="AtCoder282\D.cpp">
      <Filter>소스 파일\2022\AtCoder282</Filter>
    </ClCompile>
    <ClCompile Include="AtCoder282\E.cpp">
      <Filter>소스 파일\2022\AtCoder282</Filter>
    </ClCompile>
    <ClCompile Include="Codeforce839\A.cpp">
      <Filter>소스 파일\2022\Codeforce839</Filter>
    </ClCompile>
    <ClCompile Include="Codeforce839\B.cpp">
      <Filter>소스 파일\2022\Codeforce839</Filter>
    </ClCompile>
    <ClCompile Include="Codeforce839\C.cpp">
      <Filter>소스 파일\2022\Codeforce839</Filter>
    </ClCompile>
    <ClCompile Include="Codeforce839\D.cpp">
      <Filter>소스 파일\2022\Codeforce839</Filter>
    </ClCompile>
    <ClCompile Include="Codeforce839\E.cpp">
      <Filter>소스 파일\2022\Codeforce839</Filter>
    </ClCompile>
    <ClCompile Include="Codeforce839\F.cpp">
      <Filter>소스 파일\2022\Codeforce839</Filter>
    </ClCompile>
    <ClCompile Include="ZOAC2022\A.cpp">
      <Filter>소스 파일\2022\ZOAC2022</Filter>
    </ClCompile>
    <ClCompile Include="ZOAC2022\B.cpp">
      <Filter>소스 파일\2022\ZOAC2022</Filter>
    </ClCompile>
    <ClCompile Include="ZOAC2022\C.cpp">
      <Filter>소스 파일\2022\ZOAC2022</Filter>
    </ClCompile>
    <ClCompile Include="ZOAC2022\D.cpp">
      <Filter>소스 파일\2022\ZOAC2022</Filter>
    </ClCompile>
    <ClCompile Include="ZOAC2022\E.cpp">
      <Filter>소스 파일\2022\ZOAC2022</Filter>
    </ClCompile>
    <ClCompile Include="ZOAC2022\F.cpp">
      <Filter>소스 파일\2022\ZOAC2022</Filter>
    </ClCompile>
    <ClCompile Include="ZOAC2022\q26601.cpp">
      <Filter>소스 파일</Filter>
    </ClCompile>
    <ClCompile Include="GoodBye2022\A.cpp">
      <Filter>소스 파일\2022\GoodBye2022</Filter>
    </ClCompile>
    <ClCompile Include="GoodBye2022\C.cpp">
      <Filter>소스 파일\2022\GoodBye2022</Filter>
    </ClCompile>
    <ClCompile Include="GoodBye2022\B.cpp">
      <Filter>소스 파일\2022\GoodBye2022</Filter>
    </ClCompile>
    <ClCompile Include="GoodBye2022\E.cpp">
      <Filter>소스 파일\2022\GoodBye2022</Filter>
    </ClCompile>
    <ClCompile Include="Codeforce842\A.cpp">
      <Filter>소스 파일\2023\Codeforce842</Filter>
    </ClCompile>
    <ClCompile Include="Codeforce842\C.cpp">
      <Filter>소스 파일\2023\Codeforce842</Filter>
    </ClCompile>
    <ClCompile Include="swea15874.cpp">
      <Filter>소스 파일\swea</Filter>
    </ClCompile>
    <ClCompile Include="q18437.cpp">
      <Filter>소스 파일</Filter>
    </ClCompile>
    <ClCompile Include="swea4524.cpp">
      <Filter>소스 파일\swea</Filter>
    </ClCompile>
    <ClCompile Include="swea5363.cpp">
      <Filter>소스 파일\swea</Filter>
    </ClCompile>
    <ClCompile Include="AtcoderRegular153\A.cpp">
      <Filter>소스 파일\2023\AtcoderRegular153</Filter>
    </ClCompile>
    <ClCompile Include="AtcoderRegular153\B.cpp">
      <Filter>소스 파일\2023\AtcoderRegular153</Filter>
    </ClCompile>
    <ClCompile Include="AtcoderRegular153\C.cpp">
      <Filter>소스 파일\2023\AtcoderRegular153</Filter>
    </ClCompile>
    <ClCompile Include="AtCoder285\A.cpp">
      <Filter>소스 파일\2023\AtCoder285</Filter>
    </ClCompile>
    <ClCompile Include="AtCoder285\B.cpp">
      <Filter>소스 파일\2023\AtCoder285</Filter>
    </ClCompile>
    <ClCompile Include="AtCoder285\C.cpp">
      <Filter>소스 파일\2023\AtCoder285</Filter>
    </ClCompile>
    <ClCompile Include="AtCoder285\D.cpp">
      <Filter>소스 파일\2023\AtCoder285</Filter>
    </ClCompile>
    <ClCompile Include="swea15942.cpp">
      <Filter>소스 파일\swea</Filter>
    </ClCompile>
    <ClCompile Include="Codeforce847\A.cpp">
      <Filter>소스 파일\2023\Codeforce847</Filter>
    </ClCompile>
    <ClCompile Include="Codeforce847\B.cpp">
      <Filter>소스 파일\2023\Codeforce847</Filter>
    </ClCompile>
    <ClCompile Include="Codeforce847\C.cpp">
      <Filter>소스 파일\2023\Codeforce847</Filter>
    </ClCompile>
    <ClCompile Include="Codeforce847\D.cpp">
      <Filter>소스 파일\2023\Codeforce847</Filter>
    </ClCompile>
    <ClCompile Include="Codeforce847\E.cpp">
      <Filter>소스 파일\2023\Codeforce847</Filter>
    </ClCompile>
    <ClCompile Include="Codeforce847\G.cpp">
      <Filter>소스 파일\2023\Codeforce847</Filter>
    </ClCompile>
    <ClCompile Include="swea15874_ref.cpp">
      <Filter>소스 파일\swea</Filter>
    </ClCompile>
    <ClCompile Include="KCPC2022\A.cpp">
      <Filter>소스 파일\2023\KCKPC2022</Filter>
    </ClCompile>
    <ClCompile Include="AtCoder288\A.cpp">
      <Filter>소스 파일\2023\AtCoder288</Filter>
    </ClCompile>
    <ClCompile Include="AtCoder288\B.cpp">
      <Filter>소스 파일\2023\AtCoder288</Filter>
    </ClCompile>
    <ClCompile Include="AtCoder288\C.cpp">
      <Filter>소스 파일\2023\AtCoder288</Filter>
    </ClCompile>
    <ClCompile Include="AtCoder288\D.cpp">
      <Filter>소스 파일\2023\AtCoder288</Filter>
    </ClCompile>
    <ClCompile Include="swea5656.cpp">
      <Filter>소스 파일\swea</Filter>
    </ClCompile>
    <ClCompile Include="swea3954.cpp">
      <Filter>소스 파일\swea</Filter>
    </ClCompile>
    <ClCompile Include="Codeforce851\A.cpp">
      <Filter>소스 파일\2023\Codeforce851</Filter>
    </ClCompile>
    <ClCompile Include="Codeforce851\B.cpp">
      <Filter>소스 파일\2023\Codeforce851</Filter>
    </ClCompile>
    <ClCompile Include="Codeforce851\C.cpp">
      <Filter>소스 파일\2023\Codeforce851</Filter>
    </ClCompile>
    <ClCompile Include="swea1767.cpp">
      <Filter>소스 파일\swea</Filter>
    </ClCompile>
    <ClCompile Include="swea1949.cpp">
      <Filter>소스 파일\swea</Filter>
    </ClCompile>
    <ClCompile Include="swea1953.cpp">
      <Filter>소스 파일\swea</Filter>
    </ClCompile>
    <ClCompile Include="swea2105.cpp">
      <Filter>소스 파일\swea</Filter>
    </ClCompile>
    <ClCompile Include="swea2112.cpp">
      <Filter>소스 파일\swea</Filter>
    </ClCompile>
    <ClCompile Include="swea2117.cpp">
      <Filter>소스 파일\swea</Filter>
    </ClCompile>
    <ClCompile Include="swea2382.cpp">
      <Filter>소스 파일\swea</Filter>
    </ClCompile>
    <ClCompile Include="swea2383.cpp">
      <Filter>소스 파일\swea</Filter>
    </ClCompile>
    <ClCompile Include="swea4013.cpp">
      <Filter>소스 파일\swea</Filter>
    </ClCompile>
    <ClCompile Include="swea4014.cpp">
      <Filter>소스 파일\swea</Filter>
    </ClCompile>
    <ClCompile Include="swea5644.cpp">
      <Filter>소스 파일\swea</Filter>
    </ClCompile>
    <ClCompile Include="swea5648.cpp">
      <Filter>소스 파일\swea</Filter>
    </ClCompile>
    <ClCompile Include="swea5650.cpp">
      <Filter>소스 파일\swea</Filter>
    </ClCompile>
    <ClCompile Include="swea5653.cpp">
      <Filter>소스 파일\swea</Filter>
    </ClCompile>
    <ClCompile Include="swea5658.cpp">
      <Filter>소스 파일\swea</Filter>
    </ClCompile>
    <ClCompile Include="swea11718.cpp">
      <Filter>소스 파일\swea</Filter>
    </ClCompile>
    <ClCompile Include="swea1258.cpp">
      <Filter>소스 파일\swea</Filter>
    </ClCompile>
    <ClCompile Include="swea1220.cpp">
      <Filter>소스 파일\swea</Filter>
    </ClCompile>
    <ClCompile Include="swea1860.cpp">
      <Filter>소스 파일\swea</Filter>
    </ClCompile>
    <ClCompile Include="swea11673.cpp">
      <Filter>소스 파일\swea</Filter>
    </ClCompile>
    <ClCompile Include="swea12712.cpp">
      <Filter>소스 파일\swea</Filter>
    </ClCompile>
    <ClCompile Include="swea11315.cpp">
      <Filter>소스 파일\swea</Filter>
    </ClCompile>
    <ClCompile Include="swea4047.cpp">
      <Filter>소스 파일\swea</Filter>
    </ClCompile>
    <ClCompile Include="q19585.cpp">
      <Filter>소스 파일</Filter>
    </ClCompile>
    <ClCompile Include="swea16006.cpp">
      <Filter>소스 파일\swea</Filter>
    </ClCompile>
    <ClCompile Include="q19089_hu_tucker.cpp">
      <Filter>소스 파일</Filter>
    </ClCompile>
    <ClCompile Include="SUAPC2023winter\A.cpp">
      <Filter>소스 파일\2023\SUAPC2023winter</Filter>
    </ClCompile>
    <ClCompile Include="hjroh2023\B1.cpp">
      <Filter>소스 파일\2023\hjroh</Filter>
    </ClCompile>
    <ClCompile Include="hjroh2023\B2.cpp">
      <Filter>소스 파일\2023\hjroh</Filter>
    </ClCompile>
    <ClCompile Include="q18227.cpp">
      <Filter>소스 파일</Filter>
    </ClCompile>
    <ClCompile Include="SKK2023\A.cpp">
      <Filter>소스 파일\2023\SKK</Filter>
    </ClCompile>
    <ClCompile Include="SKK2023\B.cpp">
      <Filter>소스 파일\2023\SKK</Filter>
    </ClCompile>
    <ClCompile Include="SKK2023\C.cpp">
      <Filter>소스 파일\2023\SKK</Filter>
    </ClCompile>
    <ClCompile Include="SKK2023\D.cpp">
      <Filter>소스 파일\2023\SKK</Filter>
    </ClCompile>
    <ClCompile Include="SKK2023\E.cpp">
      <Filter>소스 파일\2023\SKK</Filter>
    </ClCompile>
    <ClCompile Include="SKK2023\H.cpp">
      <Filter>소스 파일\2023\SKK</Filter>
    </ClCompile>
    <ClCompile Include="SKK2023\F.cpp">
      <Filter>소스 파일\2023\SKK</Filter>
    </ClCompile>
    <ClCompile Include="SKK2023\G.cpp">
      <Filter>소스 파일\2023\SKK</Filter>
    </ClCompile>
    <ClCompile Include="q19970.cpp">
      <Filter>소스 파일</Filter>
    </ClCompile>
    <ClCompile Include="q27654.cpp">
      <Filter>소스 파일</Filter>
    </ClCompile>
    <ClCompile Include="q23835.cpp">
      <Filter>소스 파일</Filter>
    </ClCompile>
    <ClCompile Include="q23836.cpp">
      <Filter>소스 파일</Filter>
    </ClCompile>
    <ClCompile Include="q18251.cpp">
      <Filter>소스 파일</Filter>
    </ClCompile>
    <ClCompile Include="swea18601.cpp">
      <Filter>소스 파일\swea</Filter>
    </ClCompile>
    <ClCompile Include="swea1768.cpp">
      <Filter>소스 파일\swea\swea1768</Filter>
    </ClCompile>
    <ClCompile Include="swea1768_solution.cpp">
      <Filter>소스 파일\swea\swea1768</Filter>
    </ClCompile>
    <ClCompile Include="CHAC2023\A.cpp">
      <Filter>소스 파일\2023\CHAC2023</Filter>
    </ClCompile>
    <ClCompile Include="shake2022\A.cpp">
      <Filter>소스 파일\2023\shake2022</Filter>
    </ClCompile>
    <ClCompile Include="q18227_simple.cpp">
      <Filter>소스 파일</Filter>
    </ClCompile>
    <ClCompile Include="swea1770_main.cpp">
      <Filter>소스 파일\swea\swea1770</Filter>
    </ClCompile>
    <ClCompile Include="swea1770_solution.cpp">
      <Filter>소스 파일\swea\swea1770</Filter>
    </ClCompile>
    <ClCompile Include="swea4317.cpp">
      <Filter>소스 파일\swea</Filter>
    </ClCompile>
    <ClCompile Include="swea9614.cpp">
      <Filter>소스 파일\swea</Filter>
    </ClCompile>
    <ClCompile Include="q19089_left_heap.cpp">
      <Filter>소스 파일</Filter>
    </ClCompile>
    <ClCompile Include="swea13469.cpp">
      <Filter>소스 파일\swea\swea13469</Filter>
    </ClCompile>
    <ClCompile Include="swea13469_solution.cpp">
      <Filter>소스 파일\swea\swea13469</Filter>
    </ClCompile>
    <ClCompile Include="swea11707.cpp">
      <Filter>소스 파일\swea\swea11707</Filter>
    </ClCompile>
    <ClCompile Include="swea11707_solution.cpp">
      <Filter>소스 파일\swea\swea11707</Filter>
    </ClCompile>
    <ClCompile Include="swea13475.cpp">
      <Filter>소스 파일\swea\swea13475</Filter>
    </ClCompile>
    <ClCompile Include="swea13475_solution.cpp">
      <Filter>소스 파일\swea\swea13475</Filter>
    </ClCompile>
    <ClCompile Include="swea13471.cpp">
      <Filter>소스 파일\swea\swea13471</Filter>
    </ClCompile>
    <ClCompile Include="swea13471_solution.cpp">
      <Filter>소스 파일\swea\swea13471</Filter>
    </ClCompile>
    <ClCompile Include="swea13461.cpp">
      <Filter>소스 파일\swea\swea13461</Filter>
    </ClCompile>
    <ClCompile Include="swea13461_solution.cpp">
      <Filter>소스 파일\swea\swea13461</Filter>
    </ClCompile>
    <ClCompile Include="swea14613.cpp">
      <Filter>소스 파일\swea\swea14613</Filter>
    </ClCompile>
    <ClCompile Include="swea14613_solution.cpp">
      <Filter>소스 파일\swea\swea14613</Filter>
    </ClCompile>
    <ClCompile Include="q26076.cpp">
      <Filter>소스 파일</Filter>
    </ClCompile>
    <ClCompile Include="Gahui2023\A.cpp">
      <Filter>소스 파일\2023\Gahui2023</Filter>
    </ClCompile>
    <ClCompile Include="Gahui2023\B.cpp">
      <Filter>소스 파일\2023\Gahui2023</Filter>
    </ClCompile>
    <ClCompile Include="Gahui2023\D.cpp">
      <Filter>소스 파일\2023\Gahui2023</Filter>
    </ClCompile>
    <ClCompile Include="Gahui2023\E.cpp">
      <Filter>소스 파일\2023\Gahui2023</Filter>
    </ClCompile>
    <ClCompile Include="Gahui2023\F.cpp">
      <Filter>소스 파일\2023\Gahui2023</Filter>
    </ClCompile>
    <ClCompile Include="KOYON2023\A.cpp">
      <Filter>소스 파일\2023\KOYON2023</Filter>
    </ClCompile>
    <ClCompile Include="KOYON2023\B.cpp">
      <Filter>소스 파일\2023\KOYON2023</Filter>
    </ClCompile>
    <ClCompile Include="KOYON2023\C.cpp">
      <Filter>소스 파일\2023\KOYON2023</Filter>
    </ClCompile>
    <ClCompile Include="odd_chess2.cpp">
      <Filter>소스 파일\codetree</Filter>
    </ClCompile>
    <ClCompile Include="q1005.cpp">
      <Filter>소스 파일\q1000~</Filter>
    </ClCompile>
    <ClCompile Include="q1006.cpp">
      <Filter>소스 파일\q1000~</Filter>
    </ClCompile>
    <ClCompile Include="q1007.cpp">
      <Filter>소스 파일\q1000~</Filter>
    </ClCompile>
    <ClCompile Include="q1015.cpp">
      <Filter>소스 파일\q1000~</Filter>
    </ClCompile>
    <ClCompile Include="q1017.cpp">
      <Filter>소스 파일\q1000~</Filter>
    </ClCompile>
    <ClCompile Include="q1019.cpp">
      <Filter>소스 파일\q1000~</Filter>
    </ClCompile>
    <ClCompile Include="q1020.cpp">
      <Filter>소스 파일\q1000~</Filter>
    </ClCompile>
    <ClCompile Include="q1026.cpp">
      <Filter>소스 파일\q1000~</Filter>
    </ClCompile>
    <ClCompile Include="q1028.cpp">
      <Filter>소스 파일\q1000~</Filter>
    </ClCompile>
    <ClCompile Include="q1029.cpp">
      <Filter>소스 파일\q1000~</Filter>
    </ClCompile>
    <ClCompile Include="q1031.cpp">
      <Filter>소스 파일\q1000~</Filter>
    </ClCompile>
    <ClCompile Include="q1033.cpp">
      <Filter>소스 파일\q1000~</Filter>
    </ClCompile>
    <ClCompile Include="q1041.cpp">
      <Filter>소스 파일\q1000~</Filter>
    </ClCompile>
    <ClCompile Include="q1043.cpp">
      <Filter>소스 파일\q1000~</Filter>
    </ClCompile>
    <ClCompile Include="q1044.cpp">
      <Filter>소스 파일\q1000~</Filter>
    </ClCompile>
    <ClCompile Include="q1046.cpp">
      <Filter>소스 파일\q1000~</Filter>
    </ClCompile>
    <ClCompile Include="q1062.cpp">
      <Filter>소스 파일\q1000~</Filter>
    </ClCompile>
    <ClCompile Include="q1066.cpp">
      <Filter>소스 파일\q1000~</Filter>
    </ClCompile>
    <ClCompile Include="q1067.cpp">
      <Filter>소스 파일\q1000~</Filter>
    </ClCompile>
    <ClCompile Include="q1070.cpp">
      <Filter>소스 파일\q1000~</Filter>
    </ClCompile>
    <ClCompile Include="q1081.cpp">
      <Filter>소스 파일\q1000~</Filter>
    </ClCompile>
    <ClCompile Include="q1086.cpp">
      <Filter>소스 파일\q1000~</Filter>
    </ClCompile>
    <ClCompile Include="q1097.cpp">
      <Filter>소스 파일\q1000~</Filter>
    </ClCompile>
    <ClCompile Include="q1107.cpp">
      <Filter>소스 파일\q1100~</Filter>
    </ClCompile>
    <ClCompile Include="q1126.cpp">
      <Filter>소스 파일\q1100~</Filter>
    </ClCompile>
    <ClCompile Include="q1144.cpp">
      <Filter>소스 파일\q1100~</Filter>
    </ClCompile>
    <ClCompile Include="q1168.cpp">
      <Filter>소스 파일\q1100~</Filter>
    </ClCompile>
    <ClCompile Include="q1182.cpp">
      <Filter>소스 파일\q1100~</Filter>
    </ClCompile>
    <ClCompile Include="q1184.cpp">
      <Filter>소스 파일\q1100~</Filter>
    </ClCompile>
    <ClCompile Include="q1197.cpp">
      <Filter>소스 파일\q1100~</Filter>
    </ClCompile>
    <ClCompile Include="q1202.cpp">
      <Filter>소스 파일\q1100~</Filter>
    </ClCompile>
    <ClCompile Include="q1208.cpp">
      <Filter>소스 파일\q1100~</Filter>
    </ClCompile>
    <ClCompile Include="q1210.cpp">
      <Filter>소스 파일\q1100~</Filter>
    </ClCompile>
    <ClCompile Include="q1214.cpp">
      <Filter>소스 파일\q1100~</Filter>
    </ClCompile>
    <ClCompile Include="q1238.cpp">
      <Filter>소스 파일\q1100~</Filter>
    </ClCompile>
    <ClCompile Include="q1321.cpp">
      <Filter>소스 파일\q1100~</Filter>
    </ClCompile>
    <ClCompile Include="q1325.cpp">
      <Filter>소스 파일\q1100~</Filter>
    </ClCompile>
    <ClCompile Include="q1389.cpp">
      <Filter>소스 파일\q1100~</Filter>
    </ClCompile>
    <ClCompile Include="q1391.c">
      <Filter>소스 파일\q1100~</Filter>
    </ClCompile>
    <ClCompile Include="q1391_counting.c">
      <Filter>소스 파일\q1100~</Filter>
    </ClCompile>
    <ClCompile Include="q1395.cpp">
      <Filter>소스 파일\q1100~</Filter>
    </ClCompile>
    <ClCompile Include="q1420.cpp">
      <Filter>소스 파일\q1400~</Filter>
    </ClCompile>
    <ClCompile Include="q1509.cpp">
      <Filter>소스 파일\q1400~</Filter>
    </ClCompile>
    <ClCompile Include="q1517.cpp">
      <Filter>소스 파일\q1400~</Filter>
    </ClCompile>
    <ClCompile Include="q1533.cpp">
      <Filter>소스 파일\q1400~</Filter>
    </ClCompile>
    <ClCompile Include="q1557.cpp">
      <Filter>소스 파일\q1400~</Filter>
    </ClCompile>
    <ClCompile Include="q1562.cpp">
      <Filter>소스 파일\q1400~</Filter>
    </ClCompile>
    <ClCompile Include="q1586.cpp">
      <Filter>소스 파일\q1400~</Filter>
    </ClCompile>
    <ClCompile Include="q1605.cpp">
      <Filter>소스 파일\q1400~</Filter>
    </ClCompile>
    <ClCompile Include="q1629.cpp">
      <Filter>소스 파일\q1400~</Filter>
    </ClCompile>
    <ClCompile Include="q1633.cpp">
      <Filter>소스 파일\q1400~</Filter>
    </ClCompile>
    <ClCompile Include="q1647.cpp">
      <Filter>소스 파일\q1400~</Filter>
    </ClCompile>
    <ClCompile Include="q1648.cpp">
      <Filter>소스 파일\q1400~</Filter>
    </ClCompile>
    <ClCompile Include="q1657.cpp">
      <Filter>소스 파일\q1400~</Filter>
    </ClCompile>
    <ClCompile Include="q1671.cpp">
      <Filter>소스 파일\q1400~</Filter>
    </ClCompile>
    <ClCompile Include="q1708.cpp">
      <Filter>소스 파일\q1400~</Filter>
    </ClCompile>
    <ClCompile Include="q1734.cpp">
      <Filter>소스 파일\q1400~</Filter>
    </ClCompile>
    <ClCompile Include="q1753.cpp">
      <Filter>소스 파일\q1400~</Filter>
    </ClCompile>
    <ClCompile Include="q1761.cpp">
      <Filter>소스 파일\q1400~</Filter>
    </ClCompile>
    <ClCompile Include="q1766.cpp">
      <Filter>소스 파일\q1400~</Filter>
    </ClCompile>
    <ClCompile Include="q1787.cpp">
      <Filter>소스 파일\q1400~</Filter>
    </ClCompile>
    <ClCompile Include="q1799.cpp">
      <Filter>소스 파일\q1400~</Filter>
    </ClCompile>
    <ClCompile Include="q1865.cpp">
      <Filter>소스 파일\q1400~</Filter>
    </ClCompile>
    <ClCompile Include="q1867.cpp">
      <Filter>소스 파일\q1400~</Filter>
    </ClCompile>
    <ClCompile Include="q1905.cpp">
      <Filter>소스 파일\q1400~</Filter>
    </ClCompile>
    <ClCompile Include="q1915.cpp">
      <Filter>소스 파일\q1400~</Filter>
    </ClCompile>
    <ClCompile Include="q1916.cpp">
      <Filter>소스 파일\q1400~</Filter>
    </ClCompile>
    <ClCompile Include="q1918.cpp">
      <Filter>소스 파일\q1400~</Filter>
    </ClCompile>
    <ClCompile Include="q1935.cpp">
      <Filter>소스 파일\q1400~</Filter>
    </ClCompile>
    <ClCompile Include="q1948.cpp">
      <Filter>소스 파일\q1400~</Filter>
    </ClCompile>
    <ClCompile Include="q1960.cpp">
      <Filter>소스 파일\q1400~</Filter>
    </ClCompile>
    <ClCompile Include="q1987.cpp">
      <Filter>소스 파일\q1400~</Filter>
    </ClCompile>
    <ClCompile Include="q2042.cpp">
      <Filter>소스 파일\q2000~</Filter>
    </ClCompile>
    <ClCompile Include="q2042_st.cpp">
      <Filter>소스 파일\q2000~</Filter>
    </ClCompile>
    <ClCompile Include="q2096.cpp">
      <Filter>소스 파일\q2000~</Filter>
    </ClCompile>
    <ClCompile Include="q2143.cpp">
      <Filter>소스 파일\q2000~</Filter>
    </ClCompile>
    <ClCompile Include="q2150.cpp">
      <Filter>소스 파일\q2000~</Filter>
    </ClCompile>
    <ClCompile Include="q2169.cpp">
      <Filter>소스 파일\q2000~</Filter>
    </ClCompile>
    <ClCompile Include="q2170.cpp">
      <Filter>소스 파일\q2000~</Filter>
    </ClCompile>
    <ClCompile Include="q2193.cpp">
      <Filter>소스 파일\q2000~</Filter>
    </ClCompile>
    <ClCompile Include="q2206.cpp">
      <Filter>소스 파일\q2000~</Filter>
    </ClCompile>
    <ClCompile Include="q2208.cpp">
      <Filter>소스 파일\q2000~</Filter>
    </ClCompile>
    <ClCompile Include="q2221.cpp">
      <Filter>소스 파일\q2000~</Filter>
    </ClCompile>
    <ClCompile Include="q2239.cpp">
      <Filter>소스 파일\q2000~</Filter>
    </ClCompile>
    <ClCompile Include="q2243.cpp">
      <Filter>소스 파일\q2000~</Filter>
    </ClCompile>
    <ClCompile Include="q2247.cpp">
      <Filter>소스 파일\q2000~</Filter>
    </ClCompile>
    <ClCompile Include="q2261.cpp">
      <Filter>소스 파일\q2000~</Filter>
    </ClCompile>
    <ClCompile Include="q2316.cpp">
      <Filter>소스 파일\q2000~</Filter>
    </ClCompile>
    <ClCompile Include="q2336.cpp">
      <Filter>소스 파일\q2000~</Filter>
    </ClCompile>
    <ClCompile Include="q2339.cpp">
      <Filter>소스 파일\q2000~</Filter>
    </ClCompile>
    <ClCompile Include="q2342.cpp">
      <Filter>소스 파일\q2000~</Filter>
    </ClCompile>
    <ClCompile Include="q2342_short.cpp">
      <Filter>소스 파일\q2000~</Filter>
    </ClCompile>
    <ClCompile Include="q2343.cpp">
      <Filter>소스 파일\q2000~</Filter>
    </ClCompile>
    <ClCompile Include="q2357.cpp">
      <Filter>소스 파일\q2000~</Filter>
    </ClCompile>
    <ClCompile Include="q2365.cpp">
      <Filter>소스 파일\q2000~</Filter>
    </ClCompile>
    <ClCompile Include="q2367.cpp">
      <Filter>소스 파일\q2000~</Filter>
    </ClCompile>
    <ClCompile Include="q2447.cpp">
      <Filter>소스 파일\q2000~</Filter>
    </ClCompile>
    <ClCompile Include="q2448.cpp">
      <Filter>소스 파일\q2000~</Filter>
    </ClCompile>
    <ClCompile Include="q2467.cpp">
      <Filter>소스 파일\q2000~</Filter>
    </ClCompile>
    <ClCompile Include="q2473.cpp">
      <Filter>소스 파일\q2000~</Filter>
    </ClCompile>
    <ClCompile Include="q2494.cpp">
      <Filter>소스 파일\q2000~</Filter>
    </ClCompile>
    <ClCompile Include="q2568.cpp">
      <Filter>소스 파일\q2500~</Filter>
    </ClCompile>
    <ClCompile Include="q2580.cpp">
      <Filter>소스 파일\q2500~</Filter>
    </ClCompile>
    <ClCompile Include="q2623.cpp">
      <Filter>소스 파일\q2500~</Filter>
    </ClCompile>
    <ClCompile Include="q2638.cpp">
      <Filter>소스 파일\q2500~</Filter>
    </ClCompile>
    <ClCompile Include="q2642.cpp">
      <Filter>소스 파일\q2500~</Filter>
    </ClCompile>
    <ClCompile Include="q2643.cpp">
      <Filter>소스 파일\q2500~</Filter>
    </ClCompile>
    <ClCompile Include="q2673.cpp">
      <Filter>소스 파일\q2500~</Filter>
    </ClCompile>
    <ClCompile Include="q2809.cpp">
      <Filter>소스 파일\q2500~</Filter>
    </ClCompile>
    <ClCompile Include="q2836.cpp">
      <Filter>소스 파일\q2500~</Filter>
    </ClCompile>
    <ClCompile Include="q2927.cpp">
      <Filter>소스 파일\q2500~</Filter>
    </ClCompile>
    <ClCompile Include="q3015.cpp">
      <Filter>소스 파일\q3000~</Filter>
    </ClCompile>
    <ClCompile Include="q3079.cpp">
      <Filter>소스 파일\q3000~</Filter>
    </ClCompile>
    <ClCompile Include="q3295.cpp">
      <Filter>소스 파일\q3000~</Filter>
    </ClCompile>
    <ClCompile Include="q3302.cpp">
      <Filter>소스 파일\q3000~</Filter>
    </ClCompile>
    <ClCompile Include="q3308.cpp">
      <Filter>소스 파일\q3000~</Filter>
    </ClCompile>
    <ClCompile Include="q3392.cpp">
      <Filter>소스 파일\q3000~</Filter>
    </ClCompile>
    <ClCompile Include="q3408.cpp">
      <Filter>소스 파일\q3000~</Filter>
    </ClCompile>
    <ClCompile Include="q3425.c">
      <Filter>소스 파일\q3000~</Filter>
    </ClCompile>
    <ClCompile Include="q3444.cpp">
      <Filter>소스 파일\q3000~</Filter>
    </ClCompile>
    <ClCompile Include="q3584.cpp">
      <Filter>소스 파일\q3000~</Filter>
    </ClCompile>
    <ClCompile Include="q3611.cpp">
      <Filter>소스 파일\q3000~</Filter>
    </ClCompile>
    <ClCompile Include="q3640.cpp">
      <Filter>소스 파일\q3000~</Filter>
    </ClCompile>
    <ClCompile Include="q3648.cpp">
      <Filter>소스 파일\q3000~</Filter>
    </ClCompile>
    <ClCompile Include="q3665.cpp">
      <Filter>소스 파일\q3000~</Filter>
    </ClCompile>
    <ClCompile Include="q3679.cpp">
      <Filter>소스 파일\q3000~</Filter>
    </ClCompile>
    <ClCompile Include="q3683.cpp">
      <Filter>소스 파일\q3000~</Filter>
    </ClCompile>
    <ClCompile Include="q3748.cpp">
      <Filter>소스 파일\q3000~</Filter>
    </ClCompile>
    <ClCompile Include="q3830.cpp">
      <Filter>소스 파일\q3000~</Filter>
    </ClCompile>
    <ClCompile Include="q3860.cpp">
      <Filter>소스 파일\q3000~</Filter>
    </ClCompile>
    <ClCompile Include="q3878.cpp">
      <Filter>소스 파일\q3000~</Filter>
    </ClCompile>
    <ClCompile Include="q3955.cpp">
      <Filter>소스 파일\q3000~</Filter>
    </ClCompile>
    <ClCompile Include="q3977.cpp">
      <Filter>소스 파일\q3000~</Filter>
    </ClCompile>
    <ClCompile Include="q3986.cpp">
      <Filter>소스 파일\q3000~</Filter>
    </ClCompile>
    <ClCompile Include="q4008.cpp">
      <Filter>소스 파일\q4000~</Filter>
    </ClCompile>
    <ClCompile Include="q4008_light.cpp">
      <Filter>소스 파일\q4000~</Filter>
    </ClCompile>
    <ClCompile Include="q4013.cpp">
      <Filter>소스 파일\q4000~</Filter>
    </ClCompile>
    <ClCompile Include="q4149.cpp">
      <Filter>소스 파일\q4000~</Filter>
    </ClCompile>
    <ClCompile Include="q4196.cpp">
      <Filter>소스 파일\q4000~</Filter>
    </ClCompile>
    <ClCompile Include="q4225.cpp">
      <Filter>소스 파일\q4000~</Filter>
    </ClCompile>
    <ClCompile Include="q4315.cpp">
      <Filter>소스 파일\q4000~</Filter>
    </ClCompile>
    <ClCompile Include="q4386.cpp">
      <Filter>소스 파일\q4000~</Filter>
    </ClCompile>
    <ClCompile Include="q4792.cpp">
      <Filter>소스 파일\q4000~</Filter>
    </ClCompile>
    <ClCompile Include="q5179.cpp">
      <Filter>소스 파일\q4000~</Filter>
    </ClCompile>
    <ClCompile Include="q5189.cpp">
      <Filter>소스 파일\q4000~</Filter>
    </ClCompile>
    <ClCompile Include="q5419.cpp">
      <Filter>소스 파일\q4000~</Filter>
    </ClCompile>
    <ClCompile Include="q5525.cpp">
      <Filter>소스 파일\q4000~</Filter>
    </ClCompile>
    <ClCompile Include="q5549.cpp">
      <Filter>소스 파일\q4000~</Filter>
    </ClCompile>
    <ClCompile Include="q5615.cpp">
      <Filter>소스 파일\q4000~</Filter>
    </ClCompile>
    <ClCompile Include="q5670.cpp">
      <Filter>소스 파일\q4000~</Filter>
    </ClCompile>
    <ClCompile Include="q5820.cpp">
      <Filter>소스 파일\q4000~</Filter>
    </ClCompile>
    <ClCompile Include="q5977.cpp">
      <Filter>소스 파일\q4000~</Filter>
    </ClCompile>
    <ClCompile Include="q6064.cpp">
      <Filter>소스 파일\q6000~</Filter>
    </ClCompile>
    <ClCompile Include="q6171.cpp">
      <Filter>소스 파일\q6000~</Filter>
    </ClCompile>
    <ClCompile Include="q6497.cpp">
      <Filter>소스 파일\q6000~</Filter>
    </ClCompile>
    <ClCompile Include="q7420.cpp">
      <Filter>소스 파일\q6000~</Filter>
    </ClCompile>
    <ClCompile Include="q7578.cpp">
      <Filter>소스 파일\q6000~</Filter>
    </ClCompile>
    <ClCompile Include="q7626.cpp">
      <Filter>소스 파일\q6000~</Filter>
    </ClCompile>
    <ClCompile Include="q7662.cpp">
      <Filter>소스 파일\q6000~</Filter>
    </ClCompile>
    <ClCompile Include="q8462.cpp">
      <Filter>소스 파일\q6000~</Filter>
    </ClCompile>
    <ClCompile Include="q8872.cpp">
      <Filter>소스 파일\q6000~</Filter>
    </ClCompile>
    <ClCompile Include="q9248.cpp">
      <Filter>소스 파일\q6000~</Filter>
    </ClCompile>
    <ClCompile Include="q9250.cpp">
      <Filter>소스 파일\q6000~</Filter>
    </ClCompile>
    <ClCompile Include="q9328.cpp">
      <Filter>소스 파일\q6000~</Filter>
    </ClCompile>
    <ClCompile Include="q9345.cpp">
      <Filter>소스 파일\q6000~</Filter>
    </ClCompile>
    <ClCompile Include="q9465.cpp">
      <Filter>소스 파일\q6000~</Filter>
    </ClCompile>
    <ClCompile Include="q9466.cpp">
      <Filter>소스 파일\q6000~</Filter>
    </ClCompile>
    <ClCompile Include="q9527.cpp">
      <Filter>소스 파일\q6000~</Filter>
    </ClCompile>
    <ClCompile Include="q9712.cpp">
      <Filter>소스 파일\q6000~</Filter>
    </ClCompile>
    <ClCompile Include="q10026.cpp">
      <Filter>소스 파일\q10000~</Filter>
    </ClCompile>
    <ClCompile Include="q10067.cpp">
      <Filter>소스 파일\q10000~</Filter>
    </ClCompile>
    <ClCompile Include="q10070.cpp">
      <Filter>소스 파일\q10000~</Filter>
    </ClCompile>
    <ClCompile Include="q10167.cpp">
      <Filter>소스 파일\q10000~</Filter>
    </ClCompile>
    <ClCompile Include="q10254.cpp">
      <Filter>소스 파일\q10000~</Filter>
    </ClCompile>
    <ClCompile Include="q10256.cpp">
      <Filter>소스 파일\q10000~</Filter>
    </ClCompile>
    <ClCompile Include="q10266.cpp">
      <Filter>소스 파일\q10000~</Filter>
    </ClCompile>
    <ClCompile Include="q10277_Ju_Queen.cpp">
      <Filter>소스 파일\q10000~</Filter>
    </ClCompile>
    <ClCompile Include="q10350.cpp">
      <Filter>소스 파일\q10000~</Filter>
    </ClCompile>
    <ClCompile Include="q10531.cpp">
      <Filter>소스 파일\q10000~</Filter>
    </ClCompile>
    <ClCompile Include="q10531_fast.cpp">
      <Filter>소스 파일\q10000~</Filter>
    </ClCompile>
    <ClCompile Include="q10610.cpp">
      <Filter>소스 파일\q10000~</Filter>
    </ClCompile>
    <ClCompile Include="q10619.cpp">
      <Filter>소스 파일\q10000~</Filter>
    </ClCompile>
    <ClCompile Include="q10775.cpp">
      <Filter>소스 파일\q10000~</Filter>
    </ClCompile>
    <ClCompile Include="q10806.cpp">
      <Filter>소스 파일\q10000~</Filter>
    </ClCompile>
    <ClCompile Include="q10811.cpp">
      <Filter>소스 파일\q10000~</Filter>
    </ClCompile>
    <ClCompile Include="q10811_st.cpp">
      <Filter>소스 파일\q10000~</Filter>
    </ClCompile>
    <ClCompile Include="q10847.cpp">
      <Filter>소스 파일\q10000~</Filter>
    </ClCompile>
    <ClCompile Include="q10999.cpp">
      <Filter>소스 파일\q10000~</Filter>
    </ClCompile>
    <ClCompile Include="q10999_st.cpp">
      <Filter>소스 파일\q10000~</Filter>
    </ClCompile>
    <ClCompile Include="q11001.cpp">
      <Filter>소스 파일\q11000~</Filter>
    </ClCompile>
    <ClCompile Include="q11003.cpp">
      <Filter>소스 파일\q11000~</Filter>
    </ClCompile>
    <ClCompile Include="q11012.cpp">
      <Filter>소스 파일\q11000~</Filter>
    </ClCompile>
    <ClCompile Include="q11014.cpp">
      <Filter>소스 파일\q11000~</Filter>
    </ClCompile>
    <ClCompile Include="q11066.cpp">
      <Filter>소스 파일\q11000~</Filter>
    </ClCompile>
    <ClCompile Include="q11066_fast.cpp">
      <Filter>소스 파일\q11000~</Filter>
    </ClCompile>
    <ClCompile Include="q11111.cpp">
      <Filter>소스 파일\q11000~</Filter>
    </ClCompile>
    <ClCompile Include="q11266.cpp">
      <Filter>소스 파일\q11000~</Filter>
    </ClCompile>
    <ClCompile Include="q11280.cpp">
      <Filter>소스 파일\q11000~</Filter>
    </ClCompile>
    <ClCompile Include="q11281.cpp">
      <Filter>소스 파일\q11000~</Filter>
    </ClCompile>
    <ClCompile Include="q11375.cpp">
      <Filter>소스 파일\q11000~</Filter>
    </ClCompile>
    <ClCompile Include="q11376.cpp">
      <Filter>소스 파일\q11000~</Filter>
    </ClCompile>
    <ClCompile Include="q11377.cpp">
      <Filter>소스 파일\q11000~</Filter>
    </ClCompile>
    <ClCompile Include="q11378.cpp">
      <Filter>소스 파일\q11000~</Filter>
    </ClCompile>
    <ClCompile Include="q11400.cpp">
      <Filter>소스 파일\q11000~</Filter>
    </ClCompile>
    <ClCompile Include="q11401.cpp">
      <Filter>소스 파일\q11000~</Filter>
    </ClCompile>
    <ClCompile Include="q11402.cpp">
      <Filter>소스 파일\q11000~</Filter>
    </ClCompile>
    <ClCompile Include="q11405.cpp">
      <Filter>소스 파일\q11000~</Filter>
    </ClCompile>
    <ClCompile Include="q11406.cpp">
      <Filter>소스 파일\q11000~</Filter>
    </ClCompile>
    <ClCompile Include="q11407.cpp">
      <Filter>소스 파일\q11000~</Filter>
    </ClCompile>
    <ClCompile Include="q11408.cpp">
      <Filter>소스 파일\q11000~</Filter>
    </ClCompile>
    <ClCompile Include="q11408_class.cpp">
      <Filter>소스 파일\q11000~</Filter>
    </ClCompile>
    <ClCompile Include="q11479.cpp">
      <Filter>소스 파일\q11000~</Filter>
    </ClCompile>
    <ClCompile Include="q11493.cpp">
      <Filter>소스 파일\q11000~</Filter>
    </ClCompile>
    <ClCompile Include="q11493_class.cpp">
      <Filter>소스 파일\q11000~</Filter>
    </ClCompile>
    <ClCompile Include="q11495.cpp">
      <Filter>소스 파일\q11000~</Filter>
    </ClCompile>
    <ClCompile Include="q11505.cpp">
      <Filter>소스 파일\q11000~</Filter>
    </ClCompile>
    <ClCompile Include="q11657.cpp">
      <Filter>소스 파일\q11000~</Filter>
    </ClCompile>
    <ClCompile Include="q11689.cpp">
      <Filter>소스 파일\q11000~</Filter>
    </ClCompile>
    <ClCompile Include="q11689_2.cpp">
      <Filter>소스 파일\q11000~</Filter>
    </ClCompile>
    <ClCompile Include="q11726.cpp">
      <Filter>소스 파일\q11000~</Filter>
    </ClCompile>
    <ClCompile Include="q11727.cpp">
      <Filter>소스 파일\q11000~</Filter>
    </ClCompile>
    <ClCompile Include="q12100.cpp">
      <Filter>소스 파일\q12000~</Filter>
    </ClCompile>
    <ClCompile Include="q12700.cpp">
      <Filter>소스 파일\q12000~</Filter>
    </ClCompile>
    <ClCompile Include="q12795.cpp">
      <Filter>소스 파일\q12000~</Filter>
    </ClCompile>
    <ClCompile Include="q12844.cpp">
      <Filter>소스 파일\q12000~</Filter>
    </ClCompile>
    <ClCompile Include="q12850.cpp">
      <Filter>소스 파일\q12000~</Filter>
    </ClCompile>
    <ClCompile Include="q12851.cpp">
      <Filter>소스 파일\q12000~</Filter>
    </ClCompile>
    <ClCompile Include="q12865.c">
      <Filter>소스 파일\q12000~</Filter>
    </ClCompile>
    <ClCompile Include="q12899.cpp">
      <Filter>소스 파일\q12000~</Filter>
    </ClCompile>
    <ClCompile Include="q12928.cpp">
      <Filter>소스 파일\q12000~</Filter>
    </ClCompile>
    <ClCompile Include="q13141.cpp">
      <Filter>소스 파일\q13000~</Filter>
    </ClCompile>
    <ClCompile Include="q13159.cpp">
      <Filter>소스 파일\q13000~</Filter>
    </ClCompile>
    <ClCompile Include="q13161.cpp">
      <Filter>소스 파일\q13000~</Filter>
    </ClCompile>
    <ClCompile Include="q13172.cpp">
      <Filter>소스 파일\q13000~</Filter>
    </ClCompile>
    <ClCompile Include="q13261.cpp">
      <Filter>소스 파일\q13000~</Filter>
    </ClCompile>
    <ClCompile Include="q13263.cpp">
      <Filter>소스 파일\q13000~</Filter>
    </ClCompile>
    <ClCompile Include="q13275.cpp">
      <Filter>소스 파일\q13000~</Filter>
    </ClCompile>
    <ClCompile Include="q13309.cpp">
      <Filter>소스 파일\q13000~</Filter>
    </ClCompile>
    <ClCompile Include="q13334.cpp">
      <Filter>소스 파일\q13000~</Filter>
    </ClCompile>
    <ClCompile Include="q13392.cpp">
      <Filter>소스 파일\q13000~</Filter>
    </ClCompile>
    <ClCompile Include="q13460.cpp">
      <Filter>소스 파일\q13000~</Filter>
    </ClCompile>
    <ClCompile Include="q13510.cpp">
      <Filter>소스 파일\q13000~</Filter>
    </ClCompile>
    <ClCompile Include="q13511.cpp">
      <Filter>소스 파일\q13000~</Filter>
    </ClCompile>
    <ClCompile Include="q13537.cpp">
      <Filter>소스 파일\q13000~</Filter>
    </ClCompile>
    <ClCompile Include="q13544.cpp">
      <Filter>소스 파일\q13000~</Filter>
    </ClCompile>
    <ClCompile Include="q13547.cpp">
      <Filter>소스 파일\q13000~</Filter>
    </ClCompile>
    <ClCompile Include="q13548.cpp">
      <Filter>소스 파일\q13000~</Filter>
    </ClCompile>
    <ClCompile Include="q13646.cpp">
      <Filter>소스 파일\q13000~</Filter>
    </ClCompile>
    <ClCompile Include="q13713.cpp">
      <Filter>소스 파일\q13000~</Filter>
    </ClCompile>
    <ClCompile Include="q13907.cpp">
      <Filter>소스 파일\q13000~</Filter>
    </ClCompile>
    <ClCompile Include="q13907_opt.cpp">
      <Filter>소스 파일\q13000~</Filter>
    </ClCompile>
    <ClCompile Include="q13925.cpp">
      <Filter>소스 파일\q13000~</Filter>
    </ClCompile>
    <ClCompile Include="q13974.cpp">
      <Filter>소스 파일\q13000~</Filter>
    </ClCompile>
    <ClCompile Include="q13975.cpp">
      <Filter>소스 파일\q13000~</Filter>
    </ClCompile>
    <ClCompile Include="q13976.cpp">
      <Filter>소스 파일\q13000~</Filter>
    </ClCompile>
    <ClCompile Include="q13977_fermat.cpp">
      <Filter>소스 파일\q13000~</Filter>
    </ClCompile>
    <ClCompile Include="q14003.cpp">
      <Filter>소스 파일\q14000~</Filter>
    </ClCompile>
    <ClCompile Include="q14216.cpp">
      <Filter>소스 파일\q14000~</Filter>
    </ClCompile>
    <ClCompile Include="q14252.cpp">
      <Filter>소스 파일\q14000~</Filter>
    </ClCompile>
    <ClCompile Include="q14268.cpp">
      <Filter>소스 파일\q14000~</Filter>
    </ClCompile>
    <ClCompile Include="q14287.cpp">
      <Filter>소스 파일\q14000~</Filter>
    </ClCompile>
    <ClCompile Include="q14288.cpp">
      <Filter>소스 파일\q14000~</Filter>
    </ClCompile>
    <ClCompile Include="q14442.cpp">
      <Filter>소스 파일\q14000~</Filter>
    </ClCompile>
    <ClCompile Include="q14500.cpp">
      <Filter>소스 파일\q14000~</Filter>
    </ClCompile>
    <ClCompile Include="q14517.cpp">
      <Filter>소스 파일\q14000~</Filter>
    </ClCompile>
    <ClCompile Include="q14636.cpp">
      <Filter>소스 파일\q14000~</Filter>
    </ClCompile>
    <ClCompile Include="q14659.cpp">
      <Filter>소스 파일\q14000~</Filter>
    </ClCompile>
    <ClCompile Include="q14750.cpp">
      <Filter>소스 파일\q14000~</Filter>
    </ClCompile>
    <ClCompile Include="q14751.cpp">
      <Filter>소스 파일\q14000~</Filter>
    </ClCompile>
    <ClCompile Include="q14751_2.cpp">
      <Filter>소스 파일\q14000~</Filter>
    </ClCompile>
    <ClCompile Include="q14891.cpp">
      <Filter>소스 파일\q14000~</Filter>
    </ClCompile>
    <ClCompile Include="q14897_merge_tree.cpp">
      <Filter>소스 파일\q14000~</Filter>
    </ClCompile>
    <ClCompile Include="q14897_mo.cpp">
      <Filter>소스 파일\q14000~</Filter>
    </ClCompile>
    <ClCompile Include="q14938.cpp">
      <Filter>소스 파일\q14000~</Filter>
    </ClCompile>
    <ClCompile Include="q14939.cpp">
      <Filter>소스 파일\q14000~</Filter>
    </ClCompile>
    <ClCompile Include="q14942.cpp">
      <Filter>소스 파일\q14000~</Filter>
    </ClCompile>
    <ClCompile Include="q14959.cpp">
      <Filter>소스 파일\q14000~</Filter>
    </ClCompile>
    <ClCompile Include="q15481.cpp">
      <Filter>소스 파일\q15000~</Filter>
    </ClCompile>
    <ClCompile Include="q15486.cpp">
      <Filter>소스 파일\q15000~</Filter>
    </ClCompile>
    <ClCompile Include="q15576.cpp">
      <Filter>소스 파일\q15000~</Filter>
    </ClCompile>
    <ClCompile Include="q15648.cpp">
      <Filter>소스 파일\q15000~</Filter>
    </ClCompile>
    <ClCompile Include="q15657.cpp">
      <Filter>소스 파일\q15000~</Filter>
    </ClCompile>
    <ClCompile Include="q15663.cpp">
      <Filter>소스 파일\q15000~</Filter>
    </ClCompile>
    <ClCompile Include="q15666.cpp">
      <Filter>소스 파일\q15000~</Filter>
    </ClCompile>
    <ClCompile Include="q15678.cpp">
      <Filter>소스 파일\q15000~</Filter>
    </ClCompile>
    <ClCompile Include="q15686.cpp">
      <Filter>소스 파일\q15000~</Filter>
    </ClCompile>
    <ClCompile Include="q15718.cpp">
      <Filter>소스 파일\q15000~</Filter>
    </ClCompile>
    <ClCompile Include="q15824.cpp">
      <Filter>소스 파일\q15000~</Filter>
    </ClCompile>
    <ClCompile Include="q15827.cpp">
      <Filter>소스 파일\q15000~</Filter>
    </ClCompile>
    <ClCompile Include="q15827_refined.cpp">
      <Filter>소스 파일\q15000~</Filter>
    </ClCompile>
    <ClCompile Include="q15828.cpp">
      <Filter>소스 파일\q15000~</Filter>
    </ClCompile>
    <ClCompile Include="q16163.cpp">
      <Filter>소스 파일\q16000~</Filter>
    </ClCompile>
    <ClCompile Include="q16229.cpp">
      <Filter>소스 파일\q16000~</Filter>
    </ClCompile>
    <ClCompile Include="q16236.cpp">
      <Filter>소스 파일\q16000~</Filter>
    </ClCompile>
    <ClCompile Include="q16287.cpp">
      <Filter>소스 파일\q16000~</Filter>
    </ClCompile>
    <ClCompile Include="q16357.cpp">
      <Filter>소스 파일\q16000~</Filter>
    </ClCompile>
    <ClCompile Include="q16367.cpp">
      <Filter>소스 파일\q16000~</Filter>
    </ClCompile>
    <ClCompile Include="q16404.cpp">
      <Filter>소스 파일\q16000~</Filter>
    </ClCompile>
    <ClCompile Include="q16435.cpp">
      <Filter>소스 파일\q16000~</Filter>
    </ClCompile>
    <ClCompile Include="q16565.cpp">
      <Filter>소스 파일\q16000~</Filter>
    </ClCompile>
    <ClCompile Include="q16566.cpp">
      <Filter>소스 파일\q16000~</Filter>
    </ClCompile>
    <ClCompile Include="q16724.cpp">
      <Filter>소스 파일\q16000~</Filter>
    </ClCompile>
    <ClCompile Include="q16903.cpp">
      <Filter>소스 파일\q16000~</Filter>
    </ClCompile>
    <ClCompile Include="q16938.cpp">
      <Filter>소스 파일\q16000~</Filter>
    </ClCompile>
    <ClCompile Include="q16975.cpp">
      <Filter>소스 파일\q16000~</Filter>
    </ClCompile>
    <ClCompile Include="q16978.cpp">
      <Filter>소스 파일\q16000~</Filter>
    </ClCompile>
    <ClCompile Include="q16993.cpp">
      <Filter>소스 파일\q16000~</Filter>
    </ClCompile>
    <ClCompile Include="q17070.cpp">
      <Filter>소스 파일\q17000~</Filter>
    </ClCompile>
    <ClCompile Include="q17104.cpp">
      <Filter>소스 파일\q17000~</Filter>
    </ClCompile>
    <ClCompile Include="q17104_faster.cpp">
      <Filter>소스 파일\q17000~</Filter>
    </ClCompile>
    <ClCompile Include="q17131.cpp">
      <Filter>소스 파일\q17000~</Filter>
    </ClCompile>
    <ClCompile Include="q17134.cpp">
      <Filter>소스 파일\q17000~</Filter>
    </ClCompile>
    <ClCompile Include="q17143.cpp">
      <Filter>소스 파일\q17000~</Filter>
    </ClCompile>
    <ClCompile Include="q17144.cpp">
      <Filter>소스 파일\q17000~</Filter>
    </ClCompile>
    <ClCompile Include="q17219.cpp">
      <Filter>소스 파일\q17000~</Filter>
    </ClCompile>
    <ClCompile Include="q17353.cpp">
      <Filter>소스 파일\q17000~</Filter>
    </ClCompile>
    <ClCompile Include="q17371.cpp">
      <Filter>소스 파일\q17000~</Filter>
    </ClCompile>
    <ClCompile Include="q17401.cpp">
      <Filter>소스 파일\q17000~</Filter>
    </ClCompile>
    <ClCompile Include="q17409.cpp">
      <Filter>소스 파일\q17000~</Filter>
    </ClCompile>
    <ClCompile Include="q17412.cpp">
      <Filter>소스 파일\q17000~</Filter>
    </ClCompile>
    <ClCompile Include="q17412_dinic.cpp">
      <Filter>소스 파일\q17000~</Filter>
    </ClCompile>
    <ClCompile Include="q17429.cpp">
      <Filter>소스 파일\q17000~</Filter>
    </ClCompile>
    <ClCompile Include="q17526.cpp">
      <Filter>소스 파일\q17000~</Filter>
    </ClCompile>
    <ClCompile Include="q17975.cpp">
      <Filter>소스 파일\q17000~</Filter>
    </ClCompile>
    <ClCompile Include="q11658.cpp">
      <Filter>소스 파일\q11000~</Filter>
    </ClCompile>
    <ClCompile Include="seg_tree.cpp">
      <Filter>소스 파일\reference</Filter>
    </ClCompile>
    <ClCompile Include="splay_tree.cpp">
      <Filter>소스 파일\reference</Filter>
    </ClCompile>
    <ClCompile Include="q16586.cpp">
      <Filter>소스 파일\q16000~</Filter>
    </ClCompile>
    <ClCompile Include="q7480.cpp">
      <Filter>소스 파일\q6000~</Filter>
    </ClCompile>
    <ClCompile Include="q10816.cpp">
      <Filter>소스 파일\q10000~</Filter>
    </ClCompile>
    <ClCompile Include="fenwick_tree.cpp">
      <Filter>소스 파일\reference</Filter>
    </ClCompile>
    <ClCompile Include="Gazi2023\A.cpp">
      <Filter>소스 파일\2023\Gazi2023</Filter>
    </ClCompile>
    <ClCompile Include="Gazi2023\B.cpp">
      <Filter>소스 파일\2023\Gazi2023</Filter>
    </ClCompile>
    <ClCompile Include="Gazi2023\C.cpp">
      <Filter>소스 파일\2023\Gazi2023</Filter>
    </ClCompile>
    <ClCompile Include="Gazi2023\F.cpp">
      <Filter>소스 파일\2023\Gazi2023</Filter>
    </ClCompile>
    <ClCompile Include="q21730.cpp">
      <Filter>소스 파일</Filter>
    </ClCompile>
    <ClCompile Include="AtCoder297\A.cpp">
      <Filter>소스 파일\2023\AtCoder297</Filter>
    </ClCompile>
    <ClCompile Include="AtCoder297\B.cpp">
      <Filter>소스 파일\2023\AtCoder297</Filter>
    </ClCompile>
    <ClCompile Include="AtCoder297\C.cpp">
      <Filter>소스 파일\2023\AtCoder297</Filter>
    </ClCompile>
    <ClCompile Include="AtCoder297\D.cpp">
      <Filter>소스 파일\2023\AtCoder297</Filter>
    </ClCompile>
    <ClCompile Include="AtCoder297\E.cpp">
      <Filter>소스 파일\2023\AtCoder297</Filter>
    </ClCompile>
    <ClCompile Include="AtCoder297\G.cpp">
      <Filter>소스 파일\2023\AtCoder297</Filter>
    </ClCompile>
    <ClCompile Include="q1250.cpp">
      <Filter>소스 파일\q1100~</Filter>
    </ClCompile>
    <ClCompile Include="q25567.cpp">
      <Filter>소스 파일</Filter>
    </ClCompile>
    <ClCompile Include="q12858.cpp">
      <Filter>소스 파일\q12000~</Filter>
    </ClCompile>
    <ClCompile Include="q2601.cpp">
      <Filter>소스 파일\q2500~</Filter>
    </ClCompile>
    <ClCompile Include="q2844.cpp">
      <Filter>소스 파일\q2500~</Filter>
    </ClCompile>
    <ClCompile Include="q2844_refined.cpp">
      <Filter>소스 파일\q2500~</Filter>
    </ClCompile>
    <ClCompile Include="q13546.cpp">
      <Filter>소스 파일\q13000~</Filter>
    </ClCompile>
    <ClCompile Include="q13519.cpp">
      <Filter>소스 파일\q13000~</Filter>
    </ClCompile>
    <ClCompile Include="q18236_hushing_leftistheap.cpp">
      <Filter>소스 파일</Filter>
    </ClCompile>
    <ClCompile Include="leftist_heap.cpp">
      <Filter>소스 파일\reference</Filter>
    </ClCompile>
    <ClCompile Include="lca.cpp">
      <Filter>소스 파일\reference</Filter>
    </ClCompile>
    <ClCompile Include="q2912.cpp">
      <Filter>소스 파일\q2500~</Filter>
    </ClCompile>
    <ClCompile Include="ABC298\A.cpp">
      <Filter>소스 파일\2023\ABC298</Filter>
    </ClCompile>
    <ClCompile Include="ABC298\B.cpp">
      <Filter>소스 파일\2023\ABC298</Filter>
    </ClCompile>
    <ClCompile Include="ABC298\C.cpp">
      <Filter>소스 파일\2023\ABC298</Filter>
    </ClCompile>
    <ClCompile Include="ABC298\D.cpp">
      <Filter>소스 파일\2023\ABC298</Filter>
    </ClCompile>
    <ClCompile Include="ABC298\E.cpp">
      <Filter>소스 파일\2023\ABC298</Filter>
    </ClCompile>
    <ClCompile Include="AGCU2023\B.cpp">
      <Filter>소스 파일\2023\AGCU2023</Filter>
    </ClCompile>
    <ClCompile Include="AGCU2023\C.cpp">
      <Filter>소스 파일\2023\AGCU2023</Filter>
    </ClCompile>
    <ClCompile Include="AGCU2023\D.cpp">
      <Filter>소스 파일\2023\AGCU2023</Filter>
    </ClCompile>
    <ClCompile Include="AGCU2023\E.cpp">
      <Filter>소스 파일\2023\AGCU2023</Filter>
    </ClCompile>
    <ClCompile Include="lcp.cpp">
      <Filter>소스 파일\reference</Filter>
    </ClCompile>
    <ClCompile Include="q3303.cpp">
      <Filter>소스 파일\q3000~</Filter>
    </ClCompile>
    <ClCompile Include="q13576.cpp">
      <Filter>소스 파일\q13000~</Filter>
    </ClCompile>
    <ClCompile Include="q13896.cpp">
      <Filter>소스 파일\q13000~</Filter>
    </ClCompile>
    <ClCompile Include="q5916.cpp">
      <Filter>소스 파일\q4000~</Filter>
    </ClCompile>
    <ClCompile Include="q3080.cpp">
      <Filter>소스 파일\q3000~</Filter>
    </ClCompile>
    <ClCompile Include="q9525.cpp">
      <Filter>소스 파일\q6000~</Filter>
    </ClCompile>
    <ClCompile Include="hopcroft_karp.cpp">
      <Filter>소스 파일\reference</Filter>
    </ClCompile>
    <ClCompile Include="q11375_hopcroft_karp.cpp">
      <Filter>소스 파일\q11000~</Filter>
    </ClCompile>
    <ClCompile Include="q2570.cpp">
      <Filter>소스 파일\q2500~</Filter>
    </ClCompile>
    <ClCompile Include="q5670_radix.cpp">
      <Filter>소스 파일\q4000~</Filter>
    </ClCompile>
    <ClCompile Include="q9548.cpp">
      <Filter>소스 파일\q6000~</Filter>
    </ClCompile>
  </ItemGroup>
  <ItemGroup>
    <ClInclude Include="biggest.h">
      <Filter>헤더 파일\q24324</Filter>
    </ClInclude>
  </ItemGroup>
  <ItemGroup>
    <Text Include="sample_input.txt">
      <Filter>리소스 파일</Filter>
    </Text>
    <Text Include="input.txt">
      <Filter>리소스 파일</Filter>
    </Text>
  </ItemGroup>
</Project>